// !$*UTF8*$!
{
	archiveVersion = 1;
	classes = {
	};
	objectVersion = 45;
	objects = {

/* Begin PBXBuildFile section */
		8D11072D0486CEB800E47090 /* main.m in Sources */ = {isa = PBXBuildFile; fileRef = 29B97316FDCFA39411CA2CEA /* main.m */; settings = {ATTRIBUTES = (); }; };
		8D11072F0486CEB800E47090 /* Cocoa.framework in Frameworks */ = {isa = PBXBuildFile; fileRef = 1058C7A1FEA54F0111CA2CBB /* Cocoa.framework */; };
		B1014AEE101643C800ABA1FF /* TanMethod.m in Sources */ = {isa = PBXBuildFile; fileRef = B1014AED101643C800ABA1FF /* TanMethod.m */; };
		B1014BE41018E29F00ABA1FF /* update.ico in Resources */ = {isa = PBXBuildFile; fileRef = B1014BE31018E29F00ABA1FF /* update.ico */; };
		B1014BE61018E32A00ABA1FF /* library.ico in Resources */ = {isa = PBXBuildFile; fileRef = B1014BE51018E32A00ABA1FF /* library.ico */; };
		B1014BE81018E81B00ABA1FF /* yes.ico in Resources */ = {isa = PBXBuildFile; fileRef = B1014BE71018E81B00ABA1FF /* yes.ico */; };
		B1014BEA1018E86200ABA1FF /* delete.ico in Resources */ = {isa = PBXBuildFile; fileRef = B1014BE91018E86200ABA1FF /* delete.ico */; };
		B1014BEC1018E87B00ABA1FF /* save.ico in Resources */ = {isa = PBXBuildFile; fileRef = B1014BEB1018E87B00ABA1FF /* save.ico */; };
		B1014BEE1018E8A800ABA1FF /* catrep.ico in Resources */ = {isa = PBXBuildFile; fileRef = B1014BED1018E8A800ABA1FF /* catrep.ico */; };
		B1014BF01018E91300ABA1FF /* catdef.ico in Resources */ = {isa = PBXBuildFile; fileRef = B1014BEF1018E91300ABA1FF /* catdef.ico */; };
		B1014BF21018E95000ABA1FF /* catdef2.ico in Resources */ = {isa = PBXBuildFile; fileRef = B1014BF11018E95000ABA1FF /* catdef2.ico */; };
		B1014BF41018E9BA00ABA1FF /* accrep.ico in Resources */ = {isa = PBXBuildFile; fileRef = B1014BF31018E9BA00ABA1FF /* accrep.ico */; };
		B1014BF61018EE9000ABA1FF /* accrep2.ico in Resources */ = {isa = PBXBuildFile; fileRef = B1014BF51018EE9000ABA1FF /* accrep2.ico */; };
		B1014BF81018EED800ABA1FF /* accrep3.ico in Resources */ = {isa = PBXBuildFile; fileRef = B1014BF71018EED800ABA1FF /* accrep3.ico */; };
		B1014BFB1018EF8900ABA1FF /* catdef3.ico in Resources */ = {isa = PBXBuildFile; fileRef = B1014BFA1018EF8900ABA1FF /* catdef3.ico */; };
		B1014BFD1018EF9D00ABA1FF /* catdef4.ico in Resources */ = {isa = PBXBuildFile; fileRef = B1014BFC1018EF9D00ABA1FF /* catdef4.ico */; };
		B1014BFF1018EFB300ABA1FF /* catdef5.ico in Resources */ = {isa = PBXBuildFile; fileRef = B1014BFE1018EFB300ABA1FF /* catdef5.ico */; };
		B1014C091018F3D600ABA1FF /* yes_small.icns in Resources */ = {isa = PBXBuildFile; fileRef = B1014C081018F3D600ABA1FF /* yes_small.icns */; };
		B1014C0C1018F48500ABA1FF /* yes2.ico in Resources */ = {isa = PBXBuildFile; fileRef = B1014C0B1018F48500ABA1FF /* yes2.ico */; };
		B1014C111018F97600ABA1FF /* lock.ico in Resources */ = {isa = PBXBuildFile; fileRef = B1014C101018F97600ABA1FF /* lock.ico */; };
		B1014C5D101A2FBE00ABA1FF /* Donation.nib in Resources */ = {isa = PBXBuildFile; fileRef = B1014C5C101A2FBE00ABA1FF /* Donation.nib */; };
		B1014C67101A37E800ABA1FF /* DonationMessageController.m in Sources */ = {isa = PBXBuildFile; fileRef = B1014C66101A37E800ABA1FF /* DonationMessageController.m */; };
		B1014CB2101A4C3D00ABA1FF /* gpl-2.0.txt in Resources */ = {isa = PBXBuildFile; fileRef = B1014CB1101A4C3D00ABA1FF /* gpl-2.0.txt */; };
		B1029E120E3FA1D700CC681B /* CatDefWindowController.m in Sources */ = {isa = PBXBuildFile; fileRef = B1029E110E3FA1D700CC681B /* CatDefWindowController.m */; };
		B10F77AD0D8EFC8300F00E60 /* MOAssistant.m in Sources */ = {isa = PBXBuildFile; fileRef = B10F77AC0D8EFC8300F00E60 /* MOAssistant.m */; };
		B12030EC11C2CF2800B1B22A /* HBCIServer.jar in CopyFiles */ = {isa = PBXBuildFile; fileRef = B12030D511C2CD1400B1B22A /* HBCIServer.jar */; };
		B120E3C00EB0F34D00FC5A6F /* icon_colors.png in Resources */ = {isa = PBXBuildFile; fileRef = B120E3BF0EB0F34D00FC5A6F /* icon_colors.png */; };
		B120E3C30EB0F3F000FC5A6F /* AccountRep.png in Resources */ = {isa = PBXBuildFile; fileRef = B120E3C10EB0F3F000FC5A6F /* AccountRep.png */; };
		B120E3C60EB0F7B800FC5A6F /* okshape.png in Resources */ = {isa = PBXBuildFile; fileRef = B120E3C50EB0F7B800FC5A6F /* okshape.png */; };
		B120E4060EB0FB0A00FC5A6F /* oksmall.png in Resources */ = {isa = PBXBuildFile; fileRef = B120E4050EB0FB0A00FC5A6F /* oksmall.png */; };
		B120E40F0EB0FC0E00FC5A6F /* cake.png in Resources */ = {isa = PBXBuildFile; fileRef = B120E40E0EB0FC0E00FC5A6F /* cake.png */; };
		B124F09F0C36F3E8001065C2 /* BankStatement.m in Sources */ = {isa = PBXBuildFile; fileRef = B124F09E0C36F3E8001065C2 /* BankStatement.m */; };
		B124F1110C371384001065C2 /* BankAccount.m in Sources */ = {isa = PBXBuildFile; fileRef = B124F1100C371384001065C2 /* BankAccount.m */; };
		B12A497710BDD23D002CC63E /* Account.m in Sources */ = {isa = PBXBuildFile; fileRef = B12A496A10BDD23D002CC63E /* Account.m */; };
		B12A497810BDD23D002CC63E /* CallbackParser.m in Sources */ = {isa = PBXBuildFile; fileRef = B12A496C10BDD23D002CC63E /* CallbackParser.m */; };
		B12A497910BDD23D002CC63E /* HBCIBridge.m in Sources */ = {isa = PBXBuildFile; fileRef = B12A496E10BDD23D002CC63E /* HBCIBridge.m */; };
		B12A497A10BDD23D002CC63E /* HBCIError.m in Sources */ = {isa = PBXBuildFile; fileRef = B12A497010BDD23D002CC63E /* HBCIError.m */; };
		B12A497B10BDD23D002CC63E /* LogParser.m in Sources */ = {isa = PBXBuildFile; fileRef = B12A497210BDD23D002CC63E /* LogParser.m */; };
		B12A497C10BDD23D002CC63E /* Passport.m in Sources */ = {isa = PBXBuildFile; fileRef = B12A497410BDD23D002CC63E /* Passport.m */; };
		B12A497D10BDD23D002CC63E /* ResultParser.m in Sources */ = {isa = PBXBuildFile; fileRef = B12A497610BDD23D002CC63E /* ResultParser.m */; };
		B12A499010BDD6A2002CC63E /* HBCIClient.m in Sources */ = {isa = PBXBuildFile; fileRef = B12A498F10BDD6A2002CC63E /* HBCIClient.m */; };
		B12A499D10BF188D002CC63E /* CallbackData.m in Sources */ = {isa = PBXBuildFile; fileRef = B12A499C10BF188D002CC63E /* CallbackData.m */; };
		B12A4AE310BF1C79002CC63E /* Foundation.framework in Frameworks */ = {isa = PBXBuildFile; fileRef = 29B97325FDCFA39411CA2CEA /* Foundation.framework */; };
		B12A4D4F10C869F0002CC63E /* NewPasswordController.m in Sources */ = {isa = PBXBuildFile; fileRef = B12A4D4E10C869F0002CC63E /* NewPasswordController.m */; };
		B12A4D6310C86C22002CC63E /* NewPasswordWindow.nib in Resources */ = {isa = PBXBuildFile; fileRef = B12A4D6210C86C22002CC63E /* NewPasswordWindow.nib */; };
		B12A4DC310C9CAF0002CC63E /* TanMethodListController.m in Sources */ = {isa = PBXBuildFile; fileRef = B12A4DC210C9CAF0002CC63E /* TanMethodListController.m */; };
		B12A4DC810CB16F7002CC63E /* TanMethods.nib in Resources */ = {isa = PBXBuildFile; fileRef = B12A4DC710CB16F7002CC63E /* TanMethods.nib */; };
		B132F84B0F8FE9DB00263F3B /* ins-8.png in Resources */ = {isa = PBXBuildFile; fileRef = B132F84A0F8FE9DB00263F3B /* ins-8.png */; };
		B132F8D10F93DC0D00263F3B /* MCEMTreeController.m in Sources */ = {isa = PBXBuildFile; fileRef = B132F8D00F93DC0D00263F3B /* MCEMTreeController.m */; };
		B132F91F0F96594000263F3B /* ShortDate.m in Sources */ = {isa = PBXBuildFile; fileRef = B132F91E0F96594000263F3B /* ShortDate.m */; };
		B132FADF0F9CFD0000263F3B /* TimeSliceManager.m in Sources */ = {isa = PBXBuildFile; fileRef = B132FADE0F9CFD0000263F3B /* TimeSliceManager.m */; };
		B136AAD80FCF1C4A007A643F /* MCEMTableView.m in Sources */ = {isa = PBXBuildFile; fileRef = B136AAD70FCF1C4A007A643F /* MCEMTableView.m */; };
		B136AB360FD077DD007A643F /* MCEMPieChartView.m in Sources */ = {isa = PBXBuildFile; fileRef = B136AB350FD077DD007A643F /* MCEMPieChartView.m */; };
		B136B1E60FE2517A007A643F /* main.m in Sources */ = {isa = PBXBuildFile; fileRef = B136B1E50FE2517A007A643F /* main.m */; };
		B136B23B0FE2F4D1007A643F /* institutes in Resources */ = {isa = PBXBuildFile; fileRef = B136B23A0FE2F4D1007A643F /* institutes */; };
		B136B24E0FE2F705007A643F /* InstitutesController.m in Sources */ = {isa = PBXBuildFile; fileRef = B136B24D0FE2F705007A643F /* InstitutesController.m */; };
		B14C60011148467A009324A6 /* BankStatementController.m in Sources */ = {isa = PBXBuildFile; fileRef = B14C60001148467A009324A6 /* BankStatementController.m */; };
		B14C6003114848E1009324A6 /* BankStatementController.xib in Resources */ = {isa = PBXBuildFile; fileRef = B14C6002114848E1009324A6 /* BankStatementController.xib */; };
		B14C61BB115AB4FB009324A6 /* BankStatementPolicy030.m in Sources */ = {isa = PBXBuildFile; fileRef = B14C61BA115AB4FB009324A6 /* BankStatementPolicy030.m */; };
		B14C6225115C04FA009324A6 /* 030.xcmappingmodel in Sources */ = {isa = PBXBuildFile; fileRef = B14C6224115C04FA009324A6 /* 030.xcmappingmodel */; };
		B14C629B115E00AA009324A6 /* MigrationManagerWorkaround.m in Sources */ = {isa = PBXBuildFile; fileRef = B14C629A115E00AA009324A6 /* MigrationManagerWorkaround.m */; };
		B14C630E11629C7D009324A6 /* CategoryPolicy030.m in Sources */ = {isa = PBXBuildFile; fileRef = B14C630D11629C7D009324A6 /* CategoryPolicy030.m */; };
		B14D6DEF0DEC9C9100C2B220 /* CategoryView.m in Sources */ = {isa = PBXBuildFile; fileRef = B14D6DEE0DEC9C9100C2B220 /* CategoryView.m */; };
		B14EBCFD1031FAC700020A26 /* BankQueryResult.m in Sources */ = {isa = PBXBuildFile; fileRef = B14EBCFC1031FAC700020A26 /* BankQueryResult.m */; };
		B152B5141025FE2400EE06D6 /* MCEMBorderedView.m in Sources */ = {isa = PBXBuildFile; fileRef = B152B5131025FE2400EE06D6 /* MCEMBorderedView.m */; };
		B155D92E0BFD04B300904051 /* TransactionController.m in Sources */ = {isa = PBXBuildFile; fileRef = B155D92D0BFD04B300904051 /* TransactionController.m */; };
		B1659E060EE88B2700998258 /* Transfer_Dated_32.png in Resources */ = {isa = PBXBuildFile; fileRef = B1659E050EE88B2700998258 /* Transfer_Dated_32.png */; };
		B165B4130D2D8E1A00447DD8 /* Transfers.icns in Resources */ = {isa = PBXBuildFile; fileRef = B165B4120D2D8E1A00447DD8 /* Transfers.icns */; };
		B165B4150D2D8E4500447DD8 /* Accounts.icns in Resources */ = {isa = PBXBuildFile; fileRef = B165B4140D2D8E4500447DD8 /* Accounts.icns */; };
		B165B4170D2D8E6D00447DD8 /* Balances_get_32.png in Resources */ = {isa = PBXBuildFile; fileRef = B165B4160D2D8E6D00447DD8 /* Balances_get_32.png */; };
		B165B4440D2DA35600447DD8 /* Transfer_help.png in Resources */ = {isa = PBXBuildFile; fileRef = B165B4430D2DA35600447DD8 /* Transfer_help.png */; };
		B165B4500D2EED7600447DD8 /* Transfer_32.png in Resources */ = {isa = PBXBuildFile; fileRef = B165B44F0D2EED7600447DD8 /* Transfer_32.png */; };
		B165B51F0D340C5800447DD8 /* plus-8.png in Resources */ = {isa = PBXBuildFile; fileRef = B165B51E0D340C5800447DD8 /* plus-8.png */; };
		B165B5210D340C7D00447DD8 /* minus-8.png in Resources */ = {isa = PBXBuildFile; fileRef = B165B5200D340C7D00447DD8 /* minus-8.png */; };
		B16B0CEC11C01DFB00254078 /* SM2DGraphView.framework in Frameworks */ = {isa = PBXBuildFile; fileRef = B16B0CEB11C01DFB00254078 /* SM2DGraphView.framework */; };
		B17072D50D4BD35D00FBF186 /* TransactionLimits.m in Sources */ = {isa = PBXBuildFile; fileRef = B17072D40D4BD35D00FBF186 /* TransactionLimits.m */; };
		B17074870D55104000FBF186 /* PreferenceController.m in Sources */ = {isa = PBXBuildFile; fileRef = B17074860D55104000FBF186 /* PreferenceController.m */; };
		B170788310E4F80C00A974E7 /* Accounts.xcdatamodeld in Sources */ = {isa = PBXBuildFile; fileRef = B170788210E4F80C00A974E7 /* Accounts.xcdatamodeld */; };
		B17078F910EA5E6100A974E7 /* StatCatAssignment.m in Sources */ = {isa = PBXBuildFile; fileRef = B17078F810EA5E6100A974E7 /* StatCatAssignment.m */; };
		B18268090EC0E460008BC010 /* DatedTransfer_32.png in Resources */ = {isa = PBXBuildFile; fileRef = B18268080EC0E460008BC010 /* DatedTransfer_32.png */; };
		B182680B0EC0E826008BC010 /* EUTransfer_32.png in Resources */ = {isa = PBXBuildFile; fileRef = B182680A0EC0E826008BC010 /* EUTransfer_32.png */; };
		B189782E0ECF47CA00D20503 /* Country.m in Sources */ = {isa = PBXBuildFile; fileRef = B189782D0ECF47CA00D20503 /* Country.m */; };
		B18978870ED0B2E800D20503 /* StatementDetails.m in Sources */ = {isa = PBXBuildFile; fileRef = B18978860ED0B2E800D20503 /* StatementDetails.m */; };
		B18B20560CC6A51B00B0B02C /* NewBankUserController.m in Sources */ = {isa = PBXBuildFile; fileRef = B18B20550CC6A51B00B0B02C /* NewBankUserController.m */; };
		B18B31760E3E454C00F0D2BF /* ClassificationContext.m in Sources */ = {isa = PBXBuildFile; fileRef = B18B31750E3E454C00F0D2BF /* ClassificationContext.m */; };
		B18B31790E3E463C00F0D2BF /* CatAssignClassification.m in Sources */ = {isa = PBXBuildFile; fileRef = B18B31780E3E463C00F0D2BF /* CatAssignClassification.m */; };
		B18EA36A0E4B8C0100A53FD4 /* ExportController.m in Sources */ = {isa = PBXBuildFile; fileRef = B18EA3690E4B8C0100A53FD4 /* ExportController.m */; };
		B1927D250C52B5CD00B4D390 /* Transfer.m in Sources */ = {isa = PBXBuildFile; fileRef = B1927D240C52B5CD00B4D390 /* Transfer.m */; };
		B192FDC20E8434D500B53380 /* CategoryRepWindowController.m in Sources */ = {isa = PBXBuildFile; fileRef = B192FDC10E8434D500B53380 /* CategoryRepWindowController.m */; };
		B19330190EE1DA37003FEC97 /* Vespasian.icns in Resources */ = {isa = PBXBuildFile; fileRef = B19330180EE1DA37003FEC97 /* Vespasian.icns */; };
		B19330730EE1E5E5003FEC97 /* Credits.html in Resources */ = {isa = PBXBuildFile; fileRef = B19330720EE1E5E5003FEC97 /* Credits.html */; };
		B196E03D0FABA2CC00509748 /* WorkerThread.m in Sources */ = {isa = PBXBuildFile; fileRef = B196E03C0FABA2CC00509748 /* WorkerThread.m */; };
		B196E0940FACE15F00509748 /* BSSelectWindowController.m in Sources */ = {isa = PBXBuildFile; fileRef = B196E0930FACE15F00509748 /* BSSelectWindowController.m */; };
		B196E0970FACE30600509748 /* BSSelectWindow.nib in Resources */ = {isa = PBXBuildFile; fileRef = B196E0960FACE30600509748 /* BSSelectWindow.nib */; };
		B196E1B20FB4CFE200509748 /* StatusBarController.m in Sources */ = {isa = PBXBuildFile; fileRef = B196E1B10FB4CFE200509748 /* StatusBarController.m */; };
		B196E22C0FB8AFCD00509748 /* AMShellWrapper.m in Sources */ = {isa = PBXBuildFile; fileRef = B196E22A0FB8AFCD00509748 /* AMShellWrapper.m */; };
		B196E2310FB8B12E00509748 /* HDIWrapper.m in Sources */ = {isa = PBXBuildFile; fileRef = B196E2300FB8B12E00509748 /* HDIWrapper.m */; };
		B19822DD0E6F304A001C4C70 /* AccountRepWindowController.m in Sources */ = {isa = PBXBuildFile; fileRef = B19822DC0E6F304A001C4C70 /* AccountRepWindowController.m */; };
		B1986F880DC126CF005F7043 /* Pecunia.icns in Resources */ = {isa = PBXBuildFile; fileRef = B1986F870DC126CF005F7043 /* Pecunia.icns */; };
		B19A85F00F3CC3D3000FE9B3 /* Keychain.m in Sources */ = {isa = PBXBuildFile; fileRef = B19A85EF0F3CC3D3000FE9B3 /* Keychain.m */; };
		B19A86360F3CD17E000FE9B3 /* Security.framework in Frameworks */ = {isa = PBXBuildFile; fileRef = B19A86350F3CD17E000FE9B3 /* Security.framework */; };
		B19F41BE0FBDF57B003EE0E1 /* PecuniaError.m in Sources */ = {isa = PBXBuildFile; fileRef = B19F41BD0FBDF57B003EE0E1 /* PecuniaError.m */; };
		B1A0340F0D8B028300072442 /* AccountSettingsController.m in Sources */ = {isa = PBXBuildFile; fileRef = B1A0340E0D8B028300072442 /* AccountSettingsController.m */; };
		B1A034C60D8C5B4200072442 /* pec4.icns in Resources */ = {isa = PBXBuildFile; fileRef = B1A034C50D8C5B4200072442 /* pec4.icns */; };
		B1A035750D8C77FC00072442 /* LogController.m in Sources */ = {isa = PBXBuildFile; fileRef = B1A035730D8C77FC00072442 /* LogController.m */; };
		B1A1376811B6FA9800622D6C /* AccountCreate.nib in Resources */ = {isa = PBXBuildFile; fileRef = B1A1376711B6FA9800622D6C /* AccountCreate.nib */; };
		B1A1377411B6FD9400622D6C /* AccountDefController.m in Sources */ = {isa = PBXBuildFile; fileRef = B1A1377311B6FD9400622D6C /* AccountDefController.m */; };
		B1A5940E112A8D8500FD8CB8 /* TransferResult.m in Sources */ = {isa = PBXBuildFile; fileRef = B1A5940D112A8D8500FD8CB8 /* TransferResult.m */; };
		B1A59496113165BC00FD8CB8 /* StatSplitController.m in Sources */ = {isa = PBXBuildFile; fileRef = B1A59495113165BC00FD8CB8 /* StatSplitController.m */; };
		B1A59498113182DA00FD8CB8 /* StatSplitController.xib in Resources */ = {isa = PBXBuildFile; fileRef = B1A59497113182DA00FD8CB8 /* StatSplitController.xib */; };
		B1A6E8350FC890E400566C55 /* PasswordWindow.m in Sources */ = {isa = PBXBuildFile; fileRef = B1A6E8340FC890E400566C55 /* PasswordWindow.m */; };
		B1A6E8880FC8A4F700566C55 /* PasswordWindow.nib in Resources */ = {isa = PBXBuildFile; fileRef = B1A6E8870FC8A4F700566C55 /* PasswordWindow.nib */; };
		B1AB52290DD4F30900327122 /* log.icns in Resources */ = {isa = PBXBuildFile; fileRef = B1AB52280DD4F30900327122 /* log.icns */; };
		B1B0EEC80EDF325F00701E76 /* floppy.png in Resources */ = {isa = PBXBuildFile; fileRef = B1B0EEC60EDF325F00701E76 /* floppy.png */; };
		B1B0EECE0EDF33F400701E76 /* trash.png in Resources */ = {isa = PBXBuildFile; fileRef = B1B0EECD0EDF33F400701E76 /* trash.png */; };
		B1B0EED10EDF358200701E76 /* 3floppy.png in Resources */ = {isa = PBXBuildFile; fileRef = B1B0EECF0EDF358200701E76 /* 3floppy.png */; };
		B1B0EED20EDF358200701E76 /* empty.png in Resources */ = {isa = PBXBuildFile; fileRef = B1B0EED00EDF358200701E76 /* empty.png */; };
		B1B0EEDF0EDF3F0900701E76 /* nok.png in Resources */ = {isa = PBXBuildFile; fileRef = B1B0EEDE0EDF3F0900701E76 /* nok.png */; };
		B1BCDF76111F5DBB002E0802 /* CountryInfo.txt in Resources */ = {isa = PBXBuildFile; fileRef = B1BCDF75111F5DBB002E0802 /* CountryInfo.txt */; };
		B1C90E160ABB39D5006F18C9 /* BankingController.m in Sources */ = {isa = PBXBuildFile; fileRef = B1C90E150ABB39D5006F18C9 /* BankingController.m */; };
		B1D6C9EE0EAA5A3000EA99A2 /* MCEMOutlineViewLayout.m in Sources */ = {isa = PBXBuildFile; fileRef = B1D6C9ED0EAA5A3000EA99A2 /* MCEMOutlineViewLayout.m */; };
		B1E8118C0FF6854F00BF7451 /* AccountMaintenance.nib in Resources */ = {isa = PBXBuildFile; fileRef = B1E811810FF6854F00BF7451 /* AccountMaintenance.nib */; };
		B1E8118D0FF6854F00BF7451 /* AccountSettings.nib in Resources */ = {isa = PBXBuildFile; fileRef = B1E811820FF6854F00BF7451 /* AccountSettings.nib */; };
		B1E8118E0FF6854F00BF7451 /* BankUser.nib in Resources */ = {isa = PBXBuildFile; fileRef = B1E811830FF6854F00BF7451 /* BankUser.nib */; };
		B1E8118F0FF6854F00BF7451 /* ExportPopup.nib in Resources */ = {isa = PBXBuildFile; fileRef = B1E811840FF6854F00BF7451 /* ExportPopup.nib */; };
		B1E811900FF6854F00BF7451 /* Institutes.nib in Resources */ = {isa = PBXBuildFile; fileRef = B1E811850FF6854F00BF7451 /* Institutes.nib */; };
		B1E811910FF6854F00BF7451 /* LogController.nib in Resources */ = {isa = PBXBuildFile; fileRef = B1E811860FF6854F00BF7451 /* LogController.nib */; };
		B1E811920FF6854F00BF7451 /* MainMenu.nib in Resources */ = {isa = PBXBuildFile; fileRef = B1E811870FF6854F00BF7451 /* MainMenu.nib */; };
		B1E811930FF6854F00BF7451 /* Preferences.nib in Resources */ = {isa = PBXBuildFile; fileRef = B1E811880FF6854F00BF7451 /* Preferences.nib */; };
		B1E8119D0FF6863D00BF7451 /* InfoPlist.strings in Resources */ = {isa = PBXBuildFile; fileRef = 089C165DFE840E0CC02AAC07 /* InfoPlist.strings */; };
		B1E811A20FF6874F00BF7451 /* Localizable.strings in Resources */ = {isa = PBXBuildFile; fileRef = B1F454370F101E7500BAF4E8 /* Localizable.strings */; };
		B1E811F00FF68B3700BF7451 /* PecuniaHelp in Resources */ = {isa = PBXBuildFile; fileRef = B1E811D70FF68B3700BF7451 /* PecuniaHelp */; };
		B1EFA8030D5CE7BA007FD9C3 /* CCDLayoutAdditions.m in Sources */ = {isa = PBXBuildFile; fileRef = B1EFA8020D5CE7BA007FD9C3 /* CCDLayoutAdditions.m */; };
		B1F458210F2516C200BAF4E8 /* Sparkle.framework in Frameworks */ = {isa = PBXBuildFile; fileRef = B1F458200F2516C200BAF4E8 /* Sparkle.framework */; };
		B1F4582E0F25171A00BAF4E8 /* Sparkle.framework in Copy Files */ = {isa = PBXBuildFile; fileRef = B1F458200F2516C200BAF4E8 /* Sparkle.framework */; };
		B1F458330F251F0E00BAF4E8 /* dsa_pub.pem in Resources */ = {isa = PBXBuildFile; fileRef = B1F458320F251F0E00BAF4E8 /* dsa_pub.pem */; };
		B1F4587E0F2907BD00BAF4E8 /* AccountChangeController.m in Sources */ = {isa = PBXBuildFile; fileRef = B1F4587D0F2907BD00BAF4E8 /* AccountChangeController.m */; };
		B1F459EC0F2E480700BAF4E8 /* BankInfo.m in Sources */ = {isa = PBXBuildFile; fileRef = B1F459EB0F2E480700BAF4E8 /* BankInfo.m */; };
		B1F527050C3C1D5800BE3DFC /* Category.m in Sources */ = {isa = PBXBuildFile; fileRef = B1F527040C3C1D5800BE3DFC /* Category.m */; };
		C1C0842011C2D85500278CBF /* SM2DGraphView.framework in Copy Files */ = {isa = PBXBuildFile; fileRef = B16B0CEB11C01DFB00254078 /* SM2DGraphView.framework */; };
/* End PBXBuildFile section */

/* Begin PBXCopyFilesBuildPhase section */
		B12030F211C2CFEB00B1B22A /* CopyFiles */ = {
			isa = PBXCopyFilesBuildPhase;
			buildActionMask = 2147483647;
			dstPath = "";
			dstSubfolderSpec = 6;
			files = (
				B12030EC11C2CF2800B1B22A /* HBCIServer.jar in CopyFiles */,
			);
			runOnlyForDeploymentPostprocessing = 0;
		};
		B192EAF90EEDBFF6006F61F1 /* Copy Files */ = {
			isa = PBXCopyFilesBuildPhase;
			buildActionMask = 12;
			dstPath = "";
			dstSubfolderSpec = 10;
			files = (
				C1C0842011C2D85500278CBF /* SM2DGraphView.framework in Copy Files */,
				B1F4582E0F25171A00BAF4E8 /* Sparkle.framework in Copy Files */,
			);
			name = "Copy Files";
			runOnlyForDeploymentPostprocessing = 0;
		};
/* End PBXCopyFilesBuildPhase section */

/* Begin PBXFileReference section */
		089C165DFE840E0CC02AAC07 /* InfoPlist.strings */ = {isa = PBXFileReference; fileEncoding = 10; lastKnownFileType = text.plist.strings; path = InfoPlist.strings; sourceTree = "<group>"; };
		1058C7A1FEA54F0111CA2CBB /* Cocoa.framework */ = {isa = PBXFileReference; lastKnownFileType = wrapper.framework; name = Cocoa.framework; path = /System/Library/Frameworks/Cocoa.framework; sourceTree = "<absolute>"; };
		13E42FB307B3F0F600E4EEF1 /* CoreData.framework */ = {isa = PBXFileReference; lastKnownFileType = wrapper.framework; name = CoreData.framework; path = /System/Library/Frameworks/CoreData.framework; sourceTree = "<absolute>"; };
		29B97316FDCFA39411CA2CEA /* main.m */ = {isa = PBXFileReference; fileEncoding = 4; lastKnownFileType = sourcecode.c.objc; path = main.m; sourceTree = "<group>"; };
		29B97324FDCFA39411CA2CEA /* AppKit.framework */ = {isa = PBXFileReference; lastKnownFileType = wrapper.framework; name = AppKit.framework; path = /System/Library/Frameworks/AppKit.framework; sourceTree = "<absolute>"; };
		29B97325FDCFA39411CA2CEA /* Foundation.framework */ = {isa = PBXFileReference; lastKnownFileType = wrapper.framework; name = Foundation.framework; path = /System/Library/Frameworks/Foundation.framework; sourceTree = "<absolute>"; };
		32CA4F630368D1EE00C91783 /* Pecunia_Prefix.pch */ = {isa = PBXFileReference; fileEncoding = 4; lastKnownFileType = sourcecode.c.h; path = Pecunia_Prefix.pch; sourceTree = "<group>"; };
		8D1107310486CEB800E47090 /* Info.plist */ = {isa = PBXFileReference; fileEncoding = 4; lastKnownFileType = text.plist; path = Info.plist; sourceTree = "<group>"; };
		8D1107320486CEB800E47090 /* Pecunia.app */ = {isa = PBXFileReference; explicitFileType = wrapper.application; includeInIndex = 0; path = Pecunia.app; sourceTree = BUILT_PRODUCTS_DIR; };
		B1014AEC101643C800ABA1FF /* TanMethod.h */ = {isa = PBXFileReference; fileEncoding = 4; lastKnownFileType = sourcecode.c.h; path = TanMethod.h; sourceTree = "<group>"; };
		B1014AED101643C800ABA1FF /* TanMethod.m */ = {isa = PBXFileReference; fileEncoding = 4; lastKnownFileType = sourcecode.c.objc; path = TanMethod.m; sourceTree = "<group>"; };
		B1014BE31018E29F00ABA1FF /* update.ico */ = {isa = PBXFileReference; lastKnownFileType = image.ico; path = update.ico; sourceTree = "<group>"; };
		B1014BE51018E32A00ABA1FF /* library.ico */ = {isa = PBXFileReference; lastKnownFileType = image.ico; path = library.ico; sourceTree = "<group>"; };
		B1014BE71018E81B00ABA1FF /* yes.ico */ = {isa = PBXFileReference; lastKnownFileType = image.ico; path = yes.ico; sourceTree = "<group>"; };
		B1014BE91018E86200ABA1FF /* delete.ico */ = {isa = PBXFileReference; lastKnownFileType = image.ico; path = delete.ico; sourceTree = "<group>"; };
		B1014BEB1018E87B00ABA1FF /* save.ico */ = {isa = PBXFileReference; lastKnownFileType = image.ico; path = save.ico; sourceTree = "<group>"; };
		B1014BED1018E8A800ABA1FF /* catrep.ico */ = {isa = PBXFileReference; lastKnownFileType = image.ico; path = catrep.ico; sourceTree = "<group>"; };
		B1014BEF1018E91300ABA1FF /* catdef.ico */ = {isa = PBXFileReference; lastKnownFileType = image.ico; path = catdef.ico; sourceTree = "<group>"; };
		B1014BF11018E95000ABA1FF /* catdef2.ico */ = {isa = PBXFileReference; lastKnownFileType = image.ico; path = catdef2.ico; sourceTree = "<group>"; };
		B1014BF31018E9BA00ABA1FF /* accrep.ico */ = {isa = PBXFileReference; lastKnownFileType = image.ico; path = accrep.ico; sourceTree = "<group>"; };
		B1014BF51018EE9000ABA1FF /* accrep2.ico */ = {isa = PBXFileReference; lastKnownFileType = image.ico; path = accrep2.ico; sourceTree = "<group>"; };
		B1014BF71018EED800ABA1FF /* accrep3.ico */ = {isa = PBXFileReference; lastKnownFileType = image.ico; path = accrep3.ico; sourceTree = "<group>"; };
		B1014BFA1018EF8900ABA1FF /* catdef3.ico */ = {isa = PBXFileReference; lastKnownFileType = image.ico; path = catdef3.ico; sourceTree = "<group>"; };
		B1014BFC1018EF9D00ABA1FF /* catdef4.ico */ = {isa = PBXFileReference; lastKnownFileType = image.ico; path = catdef4.ico; sourceTree = "<group>"; };
		B1014BFE1018EFB300ABA1FF /* catdef5.ico */ = {isa = PBXFileReference; lastKnownFileType = image.ico; path = catdef5.ico; sourceTree = "<group>"; };
		B1014C081018F3D600ABA1FF /* yes_small.icns */ = {isa = PBXFileReference; lastKnownFileType = image.icns; path = yes_small.icns; sourceTree = "<group>"; };
		B1014C0B1018F48500ABA1FF /* yes2.ico */ = {isa = PBXFileReference; lastKnownFileType = image.ico; path = yes2.ico; sourceTree = "<group>"; };
		B1014C101018F97600ABA1FF /* lock.ico */ = {isa = PBXFileReference; lastKnownFileType = image.ico; path = lock.ico; sourceTree = "<group>"; };
		B1014C5C101A2FBE00ABA1FF /* Donation.nib */ = {isa = PBXFileReference; lastKnownFileType = wrapper.nib; path = Donation.nib; sourceTree = "<group>"; };
		B1014C65101A37E800ABA1FF /* DonationMessageController.h */ = {isa = PBXFileReference; fileEncoding = 4; lastKnownFileType = sourcecode.c.h; path = DonationMessageController.h; sourceTree = "<group>"; };
		B1014C66101A37E800ABA1FF /* DonationMessageController.m */ = {isa = PBXFileReference; fileEncoding = 4; lastKnownFileType = sourcecode.c.objc; path = DonationMessageController.m; sourceTree = "<group>"; };
		B1014CB1101A4C3D00ABA1FF /* gpl-2.0.txt */ = {isa = PBXFileReference; fileEncoding = 4; lastKnownFileType = text; path = "gpl-2.0.txt"; sourceTree = "<group>"; };
		B1029E100E3FA1D700CC681B /* CatDefWindowController.h */ = {isa = PBXFileReference; fileEncoding = 4; lastKnownFileType = sourcecode.c.h; path = CatDefWindowController.h; sourceTree = "<group>"; };
		B1029E110E3FA1D700CC681B /* CatDefWindowController.m */ = {isa = PBXFileReference; fileEncoding = 4; lastKnownFileType = sourcecode.c.objc; path = CatDefWindowController.m; sourceTree = "<group>"; };
		B10F77AB0D8EFC8300F00E60 /* MOAssistant.h */ = {isa = PBXFileReference; fileEncoding = 4; lastKnownFileType = sourcecode.c.h; path = MOAssistant.h; sourceTree = "<group>"; };
		B10F77AC0D8EFC8300F00E60 /* MOAssistant.m */ = {isa = PBXFileReference; fileEncoding = 4; lastKnownFileType = sourcecode.c.objc; path = MOAssistant.m; sourceTree = "<group>"; };
		B12030D511C2CD1400B1B22A /* HBCIServer.jar */ = {isa = PBXFileReference; lastKnownFileType = archive.jar; path = HBCIServer.jar; sourceTree = "<group>"; };
		B120E3BF0EB0F34D00FC5A6F /* icon_colors.png */ = {isa = PBXFileReference; lastKnownFileType = image.png; path = icon_colors.png; sourceTree = "<group>"; };
		B120E3C10EB0F3F000FC5A6F /* AccountRep.png */ = {isa = PBXFileReference; lastKnownFileType = image.png; path = AccountRep.png; sourceTree = "<group>"; };
		B120E3C50EB0F7B800FC5A6F /* okshape.png */ = {isa = PBXFileReference; lastKnownFileType = image.png; path = okshape.png; sourceTree = "<group>"; };
		B120E4050EB0FB0A00FC5A6F /* oksmall.png */ = {isa = PBXFileReference; lastKnownFileType = image.png; path = oksmall.png; sourceTree = "<group>"; };
		B120E40E0EB0FC0E00FC5A6F /* cake.png */ = {isa = PBXFileReference; lastKnownFileType = image.png; path = cake.png; sourceTree = "<group>"; };
		B124F09D0C36F3E8001065C2 /* BankStatement.h */ = {isa = PBXFileReference; fileEncoding = 4; lastKnownFileType = sourcecode.c.h; path = BankStatement.h; sourceTree = "<group>"; };
		B124F09E0C36F3E8001065C2 /* BankStatement.m */ = {isa = PBXFileReference; fileEncoding = 4; lastKnownFileType = sourcecode.c.objc; path = BankStatement.m; sourceTree = "<group>"; };
		B124F10F0C371384001065C2 /* BankAccount.h */ = {isa = PBXFileReference; fileEncoding = 4; lastKnownFileType = sourcecode.c.h; path = BankAccount.h; sourceTree = "<group>"; };
		B124F1100C371384001065C2 /* BankAccount.m */ = {isa = PBXFileReference; fileEncoding = 4; lastKnownFileType = sourcecode.c.objc; path = BankAccount.m; sourceTree = "<group>"; };
		B12A496910BDD23D002CC63E /* Account.h */ = {isa = PBXFileReference; fileEncoding = 4; lastKnownFileType = sourcecode.c.h; path = Account.h; sourceTree = "<group>"; };
		B12A496A10BDD23D002CC63E /* Account.m */ = {isa = PBXFileReference; fileEncoding = 4; lastKnownFileType = sourcecode.c.objc; path = Account.m; sourceTree = "<group>"; };
		B12A496B10BDD23D002CC63E /* CallbackParser.h */ = {isa = PBXFileReference; fileEncoding = 4; lastKnownFileType = sourcecode.c.h; path = CallbackParser.h; sourceTree = "<group>"; };
		B12A496C10BDD23D002CC63E /* CallbackParser.m */ = {isa = PBXFileReference; fileEncoding = 4; lastKnownFileType = sourcecode.c.objc; path = CallbackParser.m; sourceTree = "<group>"; };
		B12A496D10BDD23D002CC63E /* HBCIBridge.h */ = {isa = PBXFileReference; fileEncoding = 4; lastKnownFileType = sourcecode.c.h; path = HBCIBridge.h; sourceTree = "<group>"; };
		B12A496E10BDD23D002CC63E /* HBCIBridge.m */ = {isa = PBXFileReference; fileEncoding = 4; lastKnownFileType = sourcecode.c.objc; path = HBCIBridge.m; sourceTree = "<group>"; };
		B12A496F10BDD23D002CC63E /* HBCIError.h */ = {isa = PBXFileReference; fileEncoding = 4; lastKnownFileType = sourcecode.c.h; path = HBCIError.h; sourceTree = "<group>"; };
		B12A497010BDD23D002CC63E /* HBCIError.m */ = {isa = PBXFileReference; fileEncoding = 4; lastKnownFileType = sourcecode.c.objc; path = HBCIError.m; sourceTree = "<group>"; };
		B12A497110BDD23D002CC63E /* LogParser.h */ = {isa = PBXFileReference; fileEncoding = 4; lastKnownFileType = sourcecode.c.h; path = LogParser.h; sourceTree = "<group>"; };
		B12A497210BDD23D002CC63E /* LogParser.m */ = {isa = PBXFileReference; fileEncoding = 4; lastKnownFileType = sourcecode.c.objc; path = LogParser.m; sourceTree = "<group>"; };
		B12A497310BDD23D002CC63E /* Passport.h */ = {isa = PBXFileReference; fileEncoding = 4; lastKnownFileType = sourcecode.c.h; path = Passport.h; sourceTree = "<group>"; };
		B12A497410BDD23D002CC63E /* Passport.m */ = {isa = PBXFileReference; fileEncoding = 4; lastKnownFileType = sourcecode.c.objc; path = Passport.m; sourceTree = "<group>"; };
		B12A497510BDD23D002CC63E /* ResultParser.h */ = {isa = PBXFileReference; fileEncoding = 4; lastKnownFileType = sourcecode.c.h; path = ResultParser.h; sourceTree = "<group>"; };
		B12A497610BDD23D002CC63E /* ResultParser.m */ = {isa = PBXFileReference; fileEncoding = 4; lastKnownFileType = sourcecode.c.objc; path = ResultParser.m; sourceTree = "<group>"; };
		B12A498E10BDD6A2002CC63E /* HBCIClient.h */ = {isa = PBXFileReference; fileEncoding = 4; lastKnownFileType = sourcecode.c.h; path = HBCIClient.h; sourceTree = "<group>"; };
		B12A498F10BDD6A2002CC63E /* HBCIClient.m */ = {isa = PBXFileReference; fileEncoding = 4; lastKnownFileType = sourcecode.c.objc; path = HBCIClient.m; sourceTree = "<group>"; };
		B12A499B10BF188D002CC63E /* CallbackData.h */ = {isa = PBXFileReference; fileEncoding = 4; lastKnownFileType = sourcecode.c.h; path = CallbackData.h; sourceTree = "<group>"; };
		B12A499C10BF188D002CC63E /* CallbackData.m */ = {isa = PBXFileReference; fileEncoding = 4; lastKnownFileType = sourcecode.c.objc; path = CallbackData.m; sourceTree = "<group>"; };
		B12A4D4D10C869F0002CC63E /* NewPasswordController.h */ = {isa = PBXFileReference; fileEncoding = 4; lastKnownFileType = sourcecode.c.h; path = NewPasswordController.h; sourceTree = "<group>"; };
		B12A4D4E10C869F0002CC63E /* NewPasswordController.m */ = {isa = PBXFileReference; fileEncoding = 4; lastKnownFileType = sourcecode.c.objc; path = NewPasswordController.m; sourceTree = "<group>"; };
		B12A4D6210C86C22002CC63E /* NewPasswordWindow.nib */ = {isa = PBXFileReference; lastKnownFileType = wrapper.nib; path = NewPasswordWindow.nib; sourceTree = "<group>"; };
		B12A4DC110C9CAF0002CC63E /* TanMethodListController.h */ = {isa = PBXFileReference; fileEncoding = 4; lastKnownFileType = sourcecode.c.h; path = TanMethodListController.h; sourceTree = "<group>"; };
		B12A4DC210C9CAF0002CC63E /* TanMethodListController.m */ = {isa = PBXFileReference; fileEncoding = 4; lastKnownFileType = sourcecode.c.objc; path = TanMethodListController.m; sourceTree = "<group>"; };
		B12A4DC710CB16F7002CC63E /* TanMethods.nib */ = {isa = PBXFileReference; lastKnownFileType = wrapper.nib; path = TanMethods.nib; sourceTree = "<group>"; };
		B132F84A0F8FE9DB00263F3B /* ins-8.png */ = {isa = PBXFileReference; lastKnownFileType = image.png; path = "ins-8.png"; sourceTree = "<group>"; };
		B132F8CF0F93DC0D00263F3B /* MCEMTreeController.h */ = {isa = PBXFileReference; fileEncoding = 4; lastKnownFileType = sourcecode.c.h; path = MCEMTreeController.h; sourceTree = "<group>"; };
		B132F8D00F93DC0D00263F3B /* MCEMTreeController.m */ = {isa = PBXFileReference; fileEncoding = 4; lastKnownFileType = sourcecode.c.objc; path = MCEMTreeController.m; sourceTree = "<group>"; };
		B132F91D0F96594000263F3B /* ShortDate.h */ = {isa = PBXFileReference; fileEncoding = 4; lastKnownFileType = sourcecode.c.h; path = ShortDate.h; sourceTree = "<group>"; };
		B132F91E0F96594000263F3B /* ShortDate.m */ = {isa = PBXFileReference; fileEncoding = 4; lastKnownFileType = sourcecode.c.objc; path = ShortDate.m; sourceTree = "<group>"; };
		B132FADD0F9CFD0000263F3B /* TimeSliceManager.h */ = {isa = PBXFileReference; fileEncoding = 4; lastKnownFileType = sourcecode.c.h; path = TimeSliceManager.h; sourceTree = "<group>"; };
		B132FADE0F9CFD0000263F3B /* TimeSliceManager.m */ = {isa = PBXFileReference; fileEncoding = 4; lastKnownFileType = sourcecode.c.objc; path = TimeSliceManager.m; sourceTree = "<group>"; };
		B136AAD60FCF1C4A007A643F /* MCEMTableView.h */ = {isa = PBXFileReference; fileEncoding = 4; lastKnownFileType = sourcecode.c.h; path = MCEMTableView.h; sourceTree = "<group>"; };
		B136AAD70FCF1C4A007A643F /* MCEMTableView.m */ = {isa = PBXFileReference; fileEncoding = 4; lastKnownFileType = sourcecode.c.objc; path = MCEMTableView.m; sourceTree = "<group>"; };
		B136AB340FD077DD007A643F /* MCEMPieChartView.h */ = {isa = PBXFileReference; fileEncoding = 4; lastKnownFileType = sourcecode.c.h; path = MCEMPieChartView.h; sourceTree = "<group>"; };
		B136AB350FD077DD007A643F /* MCEMPieChartView.m */ = {isa = PBXFileReference; fileEncoding = 4; lastKnownFileType = sourcecode.c.objc; path = MCEMPieChartView.m; sourceTree = "<group>"; };
		B136B1D00FE24C59007A643F /* BuildInstitutes */ = {isa = PBXFileReference; explicitFileType = "compiled.mach-o.executable"; includeInIndex = 0; path = BuildInstitutes; sourceTree = BUILT_PRODUCTS_DIR; };
		B136B1E50FE2517A007A643F /* main.m */ = {isa = PBXFileReference; fileEncoding = 4; lastKnownFileType = sourcecode.c.objc; name = main.m; path = BuildInstitutes/main.m; sourceTree = "<group>"; };
		B136B23A0FE2F4D1007A643F /* institutes */ = {isa = PBXFileReference; lastKnownFileType = file.bplist; path = institutes; sourceTree = "<group>"; };
		B136B24C0FE2F705007A643F /* InstitutesController.h */ = {isa = PBXFileReference; fileEncoding = 4; lastKnownFileType = sourcecode.c.h; path = InstitutesController.h; sourceTree = "<group>"; };
		B136B24D0FE2F705007A643F /* InstitutesController.m */ = {isa = PBXFileReference; fileEncoding = 4; lastKnownFileType = sourcecode.c.objc; path = InstitutesController.m; sourceTree = "<group>"; };
		B14C5FFF1148467A009324A6 /* BankStatementController.h */ = {isa = PBXFileReference; fileEncoding = 4; lastKnownFileType = sourcecode.c.h; path = BankStatementController.h; sourceTree = "<group>"; };
		B14C60001148467A009324A6 /* BankStatementController.m */ = {isa = PBXFileReference; fileEncoding = 4; lastKnownFileType = sourcecode.c.objc; path = BankStatementController.m; sourceTree = "<group>"; };
		B14C6002114848E1009324A6 /* BankStatementController.xib */ = {isa = PBXFileReference; lastKnownFileType = file.xib; path = BankStatementController.xib; sourceTree = "<group>"; };
		B14C61B9115AB4FB009324A6 /* BankStatementPolicy030.h */ = {isa = PBXFileReference; fileEncoding = 4; lastKnownFileType = sourcecode.c.h; path = BankStatementPolicy030.h; sourceTree = "<group>"; };
		B14C61BA115AB4FB009324A6 /* BankStatementPolicy030.m */ = {isa = PBXFileReference; fileEncoding = 4; lastKnownFileType = sourcecode.c.objc; path = BankStatementPolicy030.m; sourceTree = "<group>"; };
		B14C6224115C04FA009324A6 /* 030.xcmappingmodel */ = {isa = PBXFileReference; fileEncoding = 4; lastKnownFileType = wrapper.xcmappingmodel; path = 030.xcmappingmodel; sourceTree = "<group>"; };
		B14C6299115E00AA009324A6 /* MigrationManagerWorkaround.h */ = {isa = PBXFileReference; fileEncoding = 4; lastKnownFileType = sourcecode.c.h; path = MigrationManagerWorkaround.h; sourceTree = "<group>"; };
		B14C629A115E00AA009324A6 /* MigrationManagerWorkaround.m */ = {isa = PBXFileReference; fileEncoding = 4; lastKnownFileType = sourcecode.c.objc; path = MigrationManagerWorkaround.m; sourceTree = "<group>"; };
		B14C630C11629C7D009324A6 /* CategoryPolicy030.h */ = {isa = PBXFileReference; fileEncoding = 4; lastKnownFileType = sourcecode.c.h; path = CategoryPolicy030.h; sourceTree = "<group>"; };
		B14C630D11629C7D009324A6 /* CategoryPolicy030.m */ = {isa = PBXFileReference; fileEncoding = 4; lastKnownFileType = sourcecode.c.objc; path = CategoryPolicy030.m; sourceTree = "<group>"; };
		B14D6DED0DEC9C9100C2B220 /* CategoryView.h */ = {isa = PBXFileReference; fileEncoding = 4; lastKnownFileType = sourcecode.c.h; path = CategoryView.h; sourceTree = "<group>"; };
		B14D6DEE0DEC9C9100C2B220 /* CategoryView.m */ = {isa = PBXFileReference; fileEncoding = 4; lastKnownFileType = sourcecode.c.objc; path = CategoryView.m; sourceTree = "<group>"; };
		B14EBCFB1031FAC700020A26 /* BankQueryResult.h */ = {isa = PBXFileReference; fileEncoding = 4; lastKnownFileType = sourcecode.c.h; path = BankQueryResult.h; sourceTree = "<group>"; };
		B14EBCFC1031FAC700020A26 /* BankQueryResult.m */ = {isa = PBXFileReference; fileEncoding = 4; lastKnownFileType = sourcecode.c.objc; path = BankQueryResult.m; sourceTree = "<group>"; };
		B152B5121025FE2400EE06D6 /* MCEMBorderedView.h */ = {isa = PBXFileReference; fileEncoding = 4; lastKnownFileType = sourcecode.c.h; path = MCEMBorderedView.h; sourceTree = "<group>"; };
		B152B5131025FE2400EE06D6 /* MCEMBorderedView.m */ = {isa = PBXFileReference; fileEncoding = 4; lastKnownFileType = sourcecode.c.objc; path = MCEMBorderedView.m; sourceTree = "<group>"; };
		B155D92C0BFD04B300904051 /* TransactionController.h */ = {isa = PBXFileReference; fileEncoding = 30; lastKnownFileType = sourcecode.c.h; path = TransactionController.h; sourceTree = "<group>"; };
		B155D92D0BFD04B300904051 /* TransactionController.m */ = {isa = PBXFileReference; fileEncoding = 30; lastKnownFileType = sourcecode.c.objc; path = TransactionController.m; sourceTree = "<group>"; };
		B1659E050EE88B2700998258 /* Transfer_Dated_32.png */ = {isa = PBXFileReference; lastKnownFileType = image.png; path = Transfer_Dated_32.png; sourceTree = "<group>"; };
		B165B4120D2D8E1A00447DD8 /* Transfers.icns */ = {isa = PBXFileReference; lastKnownFileType = image.icns; path = Transfers.icns; sourceTree = "<group>"; };
		B165B4140D2D8E4500447DD8 /* Accounts.icns */ = {isa = PBXFileReference; lastKnownFileType = image.icns; path = Accounts.icns; sourceTree = "<group>"; };
		B165B4160D2D8E6D00447DD8 /* Balances_get_32.png */ = {isa = PBXFileReference; lastKnownFileType = image.png; path = Balances_get_32.png; sourceTree = "<group>"; };
		B165B4430D2DA35600447DD8 /* Transfer_help.png */ = {isa = PBXFileReference; lastKnownFileType = image.png; path = Transfer_help.png; sourceTree = "<group>"; };
		B165B44F0D2EED7600447DD8 /* Transfer_32.png */ = {isa = PBXFileReference; lastKnownFileType = image.png; path = Transfer_32.png; sourceTree = "<group>"; };
		B165B51E0D340C5800447DD8 /* plus-8.png */ = {isa = PBXFileReference; lastKnownFileType = image.png; path = "plus-8.png"; sourceTree = "<group>"; };
		B165B5200D340C7D00447DD8 /* minus-8.png */ = {isa = PBXFileReference; lastKnownFileType = image.png; path = "minus-8.png"; sourceTree = "<group>"; };
		B16B0CEB11C01DFB00254078 /* SM2DGraphView.framework */ = {isa = PBXFileReference; lastKnownFileType = wrapper.framework; path = SM2DGraphView.framework; sourceTree = "<group>"; };
		B17072D30D4BD35D00FBF186 /* TransactionLimits.h */ = {isa = PBXFileReference; fileEncoding = 4; lastKnownFileType = sourcecode.c.h; path = TransactionLimits.h; sourceTree = "<group>"; };
		B17072D40D4BD35D00FBF186 /* TransactionLimits.m */ = {isa = PBXFileReference; fileEncoding = 4; lastKnownFileType = sourcecode.c.objc; path = TransactionLimits.m; sourceTree = "<group>"; };
		B17074850D55104000FBF186 /* PreferenceController.h */ = {isa = PBXFileReference; fileEncoding = 4; lastKnownFileType = sourcecode.c.h; path = PreferenceController.h; sourceTree = "<group>"; };
		B17074860D55104000FBF186 /* PreferenceController.m */ = {isa = PBXFileReference; fileEncoding = 4; lastKnownFileType = sourcecode.c.objc; path = PreferenceController.m; sourceTree = "<group>"; };
		B170788410E4F80D00A974E7 /* Accounts 2.xcdatamodel */ = {isa = PBXFileReference; lastKnownFileType = wrapper.xcdatamodel; path = "Accounts 2.xcdatamodel"; sourceTree = "<group>"; };
		B17078F710EA5E6100A974E7 /* StatCatAssignment.h */ = {isa = PBXFileReference; fileEncoding = 4; lastKnownFileType = sourcecode.c.h; path = StatCatAssignment.h; sourceTree = "<group>"; };
		B17078F810EA5E6100A974E7 /* StatCatAssignment.m */ = {isa = PBXFileReference; fileEncoding = 4; lastKnownFileType = sourcecode.c.objc; path = StatCatAssignment.m; sourceTree = "<group>"; };
		B18268080EC0E460008BC010 /* DatedTransfer_32.png */ = {isa = PBXFileReference; lastKnownFileType = image.png; path = DatedTransfer_32.png; sourceTree = "<group>"; };
		B182680A0EC0E826008BC010 /* EUTransfer_32.png */ = {isa = PBXFileReference; lastKnownFileType = image.png; path = EUTransfer_32.png; sourceTree = "<group>"; };
		B189782C0ECF47CA00D20503 /* Country.h */ = {isa = PBXFileReference; fileEncoding = 4; lastKnownFileType = sourcecode.c.h; path = Country.h; sourceTree = "<group>"; };
		B189782D0ECF47CA00D20503 /* Country.m */ = {isa = PBXFileReference; fileEncoding = 4; lastKnownFileType = sourcecode.c.objc; path = Country.m; sourceTree = "<group>"; };
		B18978850ED0B2E800D20503 /* StatementDetails.h */ = {isa = PBXFileReference; fileEncoding = 4; lastKnownFileType = sourcecode.c.h; path = StatementDetails.h; sourceTree = "<group>"; };
		B18978860ED0B2E800D20503 /* StatementDetails.m */ = {isa = PBXFileReference; fileEncoding = 4; lastKnownFileType = sourcecode.c.objc; path = StatementDetails.m; sourceTree = "<group>"; };
		B18B20540CC6A51B00B0B02C /* NewBankUserController.h */ = {isa = PBXFileReference; fileEncoding = 30; lastKnownFileType = sourcecode.c.h; path = NewBankUserController.h; sourceTree = "<group>"; };
		B18B20550CC6A51B00B0B02C /* NewBankUserController.m */ = {isa = PBXFileReference; fileEncoding = 30; lastKnownFileType = sourcecode.c.objc; path = NewBankUserController.m; sourceTree = "<group>"; };
		B18B31740E3E454C00F0D2BF /* ClassificationContext.h */ = {isa = PBXFileReference; fileEncoding = 4; lastKnownFileType = sourcecode.c.h; path = ClassificationContext.h; sourceTree = "<group>"; };
		B18B31750E3E454C00F0D2BF /* ClassificationContext.m */ = {isa = PBXFileReference; fileEncoding = 4; lastKnownFileType = sourcecode.c.objc; path = ClassificationContext.m; sourceTree = "<group>"; };
		B18B31770E3E463C00F0D2BF /* CatAssignClassification.h */ = {isa = PBXFileReference; fileEncoding = 4; lastKnownFileType = sourcecode.c.h; path = CatAssignClassification.h; sourceTree = "<group>"; };
		B18B31780E3E463C00F0D2BF /* CatAssignClassification.m */ = {isa = PBXFileReference; fileEncoding = 4; lastKnownFileType = sourcecode.c.objc; path = CatAssignClassification.m; sourceTree = "<group>"; };
		B18EA3680E4B8C0100A53FD4 /* ExportController.h */ = {isa = PBXFileReference; fileEncoding = 4; lastKnownFileType = sourcecode.c.h; path = ExportController.h; sourceTree = "<group>"; };
		B18EA3690E4B8C0100A53FD4 /* ExportController.m */ = {isa = PBXFileReference; fileEncoding = 4; lastKnownFileType = sourcecode.c.objc; path = ExportController.m; sourceTree = "<group>"; };
		B1927D230C52B5CD00B4D390 /* Transfer.h */ = {isa = PBXFileReference; fileEncoding = 4; lastKnownFileType = sourcecode.c.h; path = Transfer.h; sourceTree = "<group>"; };
		B1927D240C52B5CD00B4D390 /* Transfer.m */ = {isa = PBXFileReference; fileEncoding = 4; lastKnownFileType = sourcecode.c.objc; path = Transfer.m; sourceTree = "<group>"; };
		B192FDC00E8434D500B53380 /* CategoryRepWindowController.h */ = {isa = PBXFileReference; fileEncoding = 4; lastKnownFileType = sourcecode.c.h; path = CategoryRepWindowController.h; sourceTree = "<group>"; };
		B192FDC10E8434D500B53380 /* CategoryRepWindowController.m */ = {isa = PBXFileReference; fileEncoding = 4; lastKnownFileType = sourcecode.c.objc; path = CategoryRepWindowController.m; sourceTree = "<group>"; };
		B19330180EE1DA37003FEC97 /* Vespasian.icns */ = {isa = PBXFileReference; lastKnownFileType = image.icns; path = Vespasian.icns; sourceTree = "<group>"; };
		B19330720EE1E5E5003FEC97 /* Credits.html */ = {isa = PBXFileReference; fileEncoding = 4; lastKnownFileType = text.html; path = Credits.html; sourceTree = "<group>"; };
		B196E03B0FABA2CC00509748 /* WorkerThread.h */ = {isa = PBXFileReference; fileEncoding = 4; lastKnownFileType = sourcecode.c.h; path = WorkerThread.h; sourceTree = "<group>"; };
		B196E03C0FABA2CC00509748 /* WorkerThread.m */ = {isa = PBXFileReference; fileEncoding = 4; lastKnownFileType = sourcecode.c.objc; path = WorkerThread.m; sourceTree = "<group>"; };
		B196E0920FACE15F00509748 /* BSSelectWindowController.h */ = {isa = PBXFileReference; fileEncoding = 4; lastKnownFileType = sourcecode.c.h; path = BSSelectWindowController.h; sourceTree = "<group>"; };
		B196E0930FACE15F00509748 /* BSSelectWindowController.m */ = {isa = PBXFileReference; fileEncoding = 4; lastKnownFileType = sourcecode.c.objc; path = BSSelectWindowController.m; sourceTree = "<group>"; };
		B196E0960FACE30600509748 /* BSSelectWindow.nib */ = {isa = PBXFileReference; lastKnownFileType = wrapper.nib; path = BSSelectWindow.nib; sourceTree = "<group>"; };
		B196E1B00FB4CFE200509748 /* StatusBarController.h */ = {isa = PBXFileReference; fileEncoding = 4; lastKnownFileType = sourcecode.c.h; path = StatusBarController.h; sourceTree = "<group>"; };
		B196E1B10FB4CFE200509748 /* StatusBarController.m */ = {isa = PBXFileReference; fileEncoding = 4; lastKnownFileType = sourcecode.c.objc; path = StatusBarController.m; sourceTree = "<group>"; };
		B196E22A0FB8AFCD00509748 /* AMShellWrapper.m */ = {isa = PBXFileReference; fileEncoding = 4; lastKnownFileType = sourcecode.c.objc; path = AMShellWrapper.m; sourceTree = "<group>"; };
		B196E22B0FB8AFCD00509748 /* AMShellWrapper.h */ = {isa = PBXFileReference; fileEncoding = 4; lastKnownFileType = sourcecode.c.h; path = AMShellWrapper.h; sourceTree = "<group>"; };
		B196E22F0FB8B12E00509748 /* HDIWrapper.h */ = {isa = PBXFileReference; fileEncoding = 4; lastKnownFileType = sourcecode.c.h; path = HDIWrapper.h; sourceTree = "<group>"; };
		B196E2300FB8B12E00509748 /* HDIWrapper.m */ = {isa = PBXFileReference; fileEncoding = 4; lastKnownFileType = sourcecode.c.objc; path = HDIWrapper.m; sourceTree = "<group>"; };
		B19822DB0E6F304A001C4C70 /* AccountRepWindowController.h */ = {isa = PBXFileReference; fileEncoding = 4; lastKnownFileType = sourcecode.c.h; path = AccountRepWindowController.h; sourceTree = "<group>"; };
		B19822DC0E6F304A001C4C70 /* AccountRepWindowController.m */ = {isa = PBXFileReference; fileEncoding = 4; lastKnownFileType = sourcecode.c.objc; path = AccountRepWindowController.m; sourceTree = "<group>"; };
		B1986F870DC126CF005F7043 /* Pecunia.icns */ = {isa = PBXFileReference; lastKnownFileType = image.icns; path = Pecunia.icns; sourceTree = "<group>"; };
		B19A85EE0F3CC3D3000FE9B3 /* Keychain.h */ = {isa = PBXFileReference; fileEncoding = 4; lastKnownFileType = sourcecode.c.h; path = Keychain.h; sourceTree = "<group>"; };
		B19A85EF0F3CC3D3000FE9B3 /* Keychain.m */ = {isa = PBXFileReference; fileEncoding = 4; lastKnownFileType = sourcecode.c.objc; path = Keychain.m; sourceTree = "<group>"; };
		B19A86350F3CD17E000FE9B3 /* Security.framework */ = {isa = PBXFileReference; lastKnownFileType = wrapper.framework; name = Security.framework; path = /System/Library/Frameworks/Security.framework; sourceTree = "<absolute>"; };
		B19F41BC0FBDF57B003EE0E1 /* PecuniaError.h */ = {isa = PBXFileReference; fileEncoding = 4; lastKnownFileType = sourcecode.c.h; path = PecuniaError.h; sourceTree = "<group>"; };
		B19F41BD0FBDF57B003EE0E1 /* PecuniaError.m */ = {isa = PBXFileReference; fileEncoding = 4; lastKnownFileType = sourcecode.c.objc; path = PecuniaError.m; sourceTree = "<group>"; };
		B1A0340D0D8B028300072442 /* AccountSettingsController.h */ = {isa = PBXFileReference; fileEncoding = 30; lastKnownFileType = sourcecode.c.h; path = AccountSettingsController.h; sourceTree = "<group>"; };
		B1A0340E0D8B028300072442 /* AccountSettingsController.m */ = {isa = PBXFileReference; fileEncoding = 30; lastKnownFileType = sourcecode.c.objc; path = AccountSettingsController.m; sourceTree = "<group>"; };
		B1A034C50D8C5B4200072442 /* pec4.icns */ = {isa = PBXFileReference; lastKnownFileType = image.icns; path = pec4.icns; sourceTree = "<group>"; };
		B1A035730D8C77FC00072442 /* LogController.m */ = {isa = PBXFileReference; fileEncoding = 4; lastKnownFileType = sourcecode.c.objc; path = LogController.m; sourceTree = "<group>"; };
		B1A035740D8C77FC00072442 /* LogController.h */ = {isa = PBXFileReference; fileEncoding = 4; lastKnownFileType = sourcecode.c.h; path = LogController.h; sourceTree = "<group>"; };
		B1A1376711B6FA9800622D6C /* AccountCreate.nib */ = {isa = PBXFileReference; lastKnownFileType = wrapper.nib; path = AccountCreate.nib; sourceTree = "<group>"; };
		B1A1377211B6FD9400622D6C /* AccountDefController.h */ = {isa = PBXFileReference; fileEncoding = 4; lastKnownFileType = sourcecode.c.h; path = AccountDefController.h; sourceTree = "<group>"; };
		B1A1377311B6FD9400622D6C /* AccountDefController.m */ = {isa = PBXFileReference; fileEncoding = 4; lastKnownFileType = sourcecode.c.objc; path = AccountDefController.m; sourceTree = "<group>"; };
		B1A5940C112A8D8500FD8CB8 /* TransferResult.h */ = {isa = PBXFileReference; fileEncoding = 4; lastKnownFileType = sourcecode.c.h; path = TransferResult.h; sourceTree = "<group>"; };
		B1A5940D112A8D8500FD8CB8 /* TransferResult.m */ = {isa = PBXFileReference; fileEncoding = 4; lastKnownFileType = sourcecode.c.objc; path = TransferResult.m; sourceTree = "<group>"; };
		B1A59494113165BC00FD8CB8 /* StatSplitController.h */ = {isa = PBXFileReference; fileEncoding = 4; lastKnownFileType = sourcecode.c.h; path = StatSplitController.h; sourceTree = "<group>"; };
		B1A59495113165BC00FD8CB8 /* StatSplitController.m */ = {isa = PBXFileReference; fileEncoding = 4; lastKnownFileType = sourcecode.c.objc; path = StatSplitController.m; sourceTree = "<group>"; };
		B1A59497113182DA00FD8CB8 /* StatSplitController.xib */ = {isa = PBXFileReference; lastKnownFileType = file.xib; path = StatSplitController.xib; sourceTree = "<group>"; };
		B1A6E8330FC890E400566C55 /* PasswordWindow.h */ = {isa = PBXFileReference; fileEncoding = 4; lastKnownFileType = sourcecode.c.h; path = PasswordWindow.h; sourceTree = "<group>"; };
		B1A6E8340FC890E400566C55 /* PasswordWindow.m */ = {isa = PBXFileReference; fileEncoding = 4; lastKnownFileType = sourcecode.c.objc; path = PasswordWindow.m; sourceTree = "<group>"; };
		B1A6E8870FC8A4F700566C55 /* PasswordWindow.nib */ = {isa = PBXFileReference; lastKnownFileType = wrapper.nib; path = PasswordWindow.nib; sourceTree = "<group>"; };
		B1AB52280DD4F30900327122 /* log.icns */ = {isa = PBXFileReference; lastKnownFileType = image.icns; path = log.icns; sourceTree = "<group>"; };
		B1B0EEC60EDF325F00701E76 /* floppy.png */ = {isa = PBXFileReference; lastKnownFileType = image.png; path = floppy.png; sourceTree = "<group>"; };
		B1B0EECD0EDF33F400701E76 /* trash.png */ = {isa = PBXFileReference; lastKnownFileType = image.png; path = trash.png; sourceTree = "<group>"; };
		B1B0EECF0EDF358200701E76 /* 3floppy.png */ = {isa = PBXFileReference; lastKnownFileType = image.png; path = 3floppy.png; sourceTree = "<group>"; };
		B1B0EED00EDF358200701E76 /* empty.png */ = {isa = PBXFileReference; lastKnownFileType = image.png; path = empty.png; sourceTree = "<group>"; };
		B1B0EEDE0EDF3F0900701E76 /* nok.png */ = {isa = PBXFileReference; lastKnownFileType = image.png; path = nok.png; sourceTree = "<group>"; };
		B1BCDF75111F5DBB002E0802 /* CountryInfo.txt */ = {isa = PBXFileReference; fileEncoding = 4; lastKnownFileType = text; path = CountryInfo.txt; sourceTree = "<group>"; };
		B1C90E140ABB39D5006F18C9 /* BankingController.h */ = {isa = PBXFileReference; fileEncoding = 30; lastKnownFileType = sourcecode.c.h; path = BankingController.h; sourceTree = "<group>"; };
		B1C90E150ABB39D5006F18C9 /* BankingController.m */ = {isa = PBXFileReference; fileEncoding = 30; lastKnownFileType = sourcecode.c.objc; path = BankingController.m; sourceTree = "<group>"; };
		B1D29BD40C2C70B8003A61D9 /* Accounts.xcdatamodel */ = {isa = PBXFileReference; fileEncoding = 4; lastKnownFileType = wrapper.xcdatamodel; path = Accounts.xcdatamodel; sourceTree = "<group>"; };
		B1D6C9EC0EAA5A3000EA99A2 /* MCEMOutlineViewLayout.h */ = {isa = PBXFileReference; fileEncoding = 4; lastKnownFileType = sourcecode.c.h; path = MCEMOutlineViewLayout.h; sourceTree = "<group>"; };
		B1D6C9ED0EAA5A3000EA99A2 /* MCEMOutlineViewLayout.m */ = {isa = PBXFileReference; fileEncoding = 4; lastKnownFileType = sourcecode.c.objc; path = MCEMOutlineViewLayout.m; sourceTree = "<group>"; };
		B1E811810FF6854F00BF7451 /* AccountMaintenance.nib */ = {isa = PBXFileReference; lastKnownFileType = wrapper.nib; path = AccountMaintenance.nib; sourceTree = "<group>"; };
		B1E811820FF6854F00BF7451 /* AccountSettings.nib */ = {isa = PBXFileReference; lastKnownFileType = wrapper.nib; path = AccountSettings.nib; sourceTree = "<group>"; };
		B1E811830FF6854F00BF7451 /* BankUser.nib */ = {isa = PBXFileReference; lastKnownFileType = wrapper.nib; path = BankUser.nib; sourceTree = "<group>"; };
		B1E811840FF6854F00BF7451 /* ExportPopup.nib */ = {isa = PBXFileReference; lastKnownFileType = wrapper.nib; path = ExportPopup.nib; sourceTree = "<group>"; };
		B1E811850FF6854F00BF7451 /* Institutes.nib */ = {isa = PBXFileReference; lastKnownFileType = wrapper.nib; path = Institutes.nib; sourceTree = "<group>"; };
		B1E811860FF6854F00BF7451 /* LogController.nib */ = {isa = PBXFileReference; lastKnownFileType = wrapper.nib; path = LogController.nib; sourceTree = "<group>"; };
		B1E811870FF6854F00BF7451 /* MainMenu.nib */ = {isa = PBXFileReference; lastKnownFileType = wrapper.nib; path = MainMenu.nib; sourceTree = "<group>"; };
		B1E811880FF6854F00BF7451 /* Preferences.nib */ = {isa = PBXFileReference; lastKnownFileType = wrapper.nib; path = Preferences.nib; sourceTree = "<group>"; };
		B1E811D70FF68B3700BF7451 /* PecuniaHelp */ = {isa = PBXFileReference; lastKnownFileType = folder; path = PecuniaHelp; sourceTree = "<group>"; };
		B1EFA8010D5CE7BA007FD9C3 /* CCDLayoutAdditions.h */ = {isa = PBXFileReference; fileEncoding = 4; lastKnownFileType = sourcecode.c.h; path = CCDLayoutAdditions.h; sourceTree = "<group>"; };
		B1EFA8020D5CE7BA007FD9C3 /* CCDLayoutAdditions.m */ = {isa = PBXFileReference; fileEncoding = 4; lastKnownFileType = sourcecode.c.objc; path = CCDLayoutAdditions.m; sourceTree = "<group>"; };
		B1F454370F101E7500BAF4E8 /* Localizable.strings */ = {isa = PBXFileReference; lastKnownFileType = text.plist.strings; path = Localizable.strings; sourceTree = "<group>"; };
		B1F458200F2516C200BAF4E8 /* Sparkle.framework */ = {isa = PBXFileReference; lastKnownFileType = wrapper.framework; path = Sparkle.framework; sourceTree = "<group>"; };
		B1F458320F251F0E00BAF4E8 /* dsa_pub.pem */ = {isa = PBXFileReference; fileEncoding = 4; lastKnownFileType = text; path = dsa_pub.pem; sourceTree = "<group>"; };
		B1F4587C0F2907BD00BAF4E8 /* AccountChangeController.h */ = {isa = PBXFileReference; fileEncoding = 4; lastKnownFileType = sourcecode.c.h; path = AccountChangeController.h; sourceTree = "<group>"; };
		B1F4587D0F2907BD00BAF4E8 /* AccountChangeController.m */ = {isa = PBXFileReference; fileEncoding = 4; lastKnownFileType = sourcecode.c.objc; path = AccountChangeController.m; sourceTree = "<group>"; };
		B1F459EA0F2E480700BAF4E8 /* BankInfo.h */ = {isa = PBXFileReference; fileEncoding = 4; lastKnownFileType = sourcecode.c.h; path = BankInfo.h; sourceTree = "<group>"; };
		B1F459EB0F2E480700BAF4E8 /* BankInfo.m */ = {isa = PBXFileReference; fileEncoding = 4; lastKnownFileType = sourcecode.c.objc; path = BankInfo.m; sourceTree = "<group>"; };
		B1F527030C3C1D5800BE3DFC /* Category.h */ = {isa = PBXFileReference; fileEncoding = 4; lastKnownFileType = sourcecode.c.h; path = Category.h; sourceTree = "<group>"; };
		B1F527040C3C1D5800BE3DFC /* Category.m */ = {isa = PBXFileReference; fileEncoding = 4; lastKnownFileType = sourcecode.c.objc; path = Category.m; sourceTree = "<group>"; };
/* End PBXFileReference section */

/* Begin PBXFrameworksBuildPhase section */
		8D11072E0486CEB800E47090 /* Frameworks */ = {
			isa = PBXFrameworksBuildPhase;
			buildActionMask = 2147483647;
			files = (
				B16B0CEC11C01DFB00254078 /* SM2DGraphView.framework in Frameworks */,
				8D11072F0486CEB800E47090 /* Cocoa.framework in Frameworks */,
				B1F458210F2516C200BAF4E8 /* Sparkle.framework in Frameworks */,
				B19A86360F3CD17E000FE9B3 /* Security.framework in Frameworks */,
				B12A4AE310BF1C79002CC63E /* Foundation.framework in Frameworks */,
			);
			runOnlyForDeploymentPostprocessing = 0;
		};
		B136B1CE0FE24C59007A643F /* Frameworks */ = {
			isa = PBXFrameworksBuildPhase;
			buildActionMask = 2147483647;
			files = (
			);
			runOnlyForDeploymentPostprocessing = 0;
		};
/* End PBXFrameworksBuildPhase section */

/* Begin PBXGroup section */
		1058C7A0FEA54F0111CA2CBB /* Linked Frameworks */ = {
			isa = PBXGroup;
			children = (
				B19A86350F3CD17E000FE9B3 /* Security.framework */,
				B1F458200F2516C200BAF4E8 /* Sparkle.framework */,
				1058C7A1FEA54F0111CA2CBB /* Cocoa.framework */,
				B16B0CEB11C01DFB00254078 /* SM2DGraphView.framework */,
			);
			name = "Linked Frameworks";
			sourceTree = "<group>";
		};
		1058C7A2FEA54F0111CA2CBB /* Other Frameworks */ = {
			isa = PBXGroup;
			children = (
				29B97324FDCFA39411CA2CEA /* AppKit.framework */,
				13E42FB307B3F0F600E4EEF1 /* CoreData.framework */,
				29B97325FDCFA39411CA2CEA /* Foundation.framework */,
			);
			name = "Other Frameworks";
			sourceTree = "<group>";
		};
		19C28FACFE9D520D11CA2CBB /* Products */ = {
			isa = PBXGroup;
			children = (
				8D1107320486CEB800E47090 /* Pecunia.app */,
				B136B1D00FE24C59007A643F /* BuildInstitutes */,
			);
			name = Products;
			sourceTree = "<group>";
		};
		29B97314FDCFA39411CA2CEA /* Pecunia */ = {
			isa = PBXGroup;
			children = (
				B12030D511C2CD1400B1B22A /* HBCIServer.jar */,
				B136AACF0FCF1BF5007A643F /* Classes */,
				B136B1DD0FE25080007A643F /* BuildInstitutes */,
				29B97315FDCFA39411CA2CEA /* Other Sources */,
				29B97317FDCFA39411CA2CEA /* Resources */,
				29B97323FDCFA39411CA2CEA /* Frameworks */,
				19C28FACFE9D520D11CA2CBB /* Products */,
			);
			name = Pecunia;
			sourceTree = "<group>";
		};
		29B97315FDCFA39411CA2CEA /* Other Sources */ = {
			isa = PBXGroup;
			children = (
				32CA4F630368D1EE00C91783 /* Pecunia_Prefix.pch */,
				29B97316FDCFA39411CA2CEA /* main.m */,
			);
			name = "Other Sources";
			sourceTree = "<group>";
		};
		29B97317FDCFA39411CA2CEA /* Resources */ = {
			isa = PBXGroup;
			children = (
				B14C6224115C04FA009324A6 /* 030.xcmappingmodel */,
				B1BCDF75111F5DBB002E0802 /* CountryInfo.txt */,
				B1014CB1101A4C3D00ABA1FF /* gpl-2.0.txt */,
				B1E811D70FF68B3700BF7451 /* PecuniaHelp */,
				B1E811810FF6854F00BF7451 /* AccountMaintenance.nib */,
				B1A1376711B6FA9800622D6C /* AccountCreate.nib */,
				B1E811820FF6854F00BF7451 /* AccountSettings.nib */,
				B1E811830FF6854F00BF7451 /* BankUser.nib */,
				B1E811840FF6854F00BF7451 /* ExportPopup.nib */,
				B1E811850FF6854F00BF7451 /* Institutes.nib */,
				B1E811860FF6854F00BF7451 /* LogController.nib */,
				B1E811870FF6854F00BF7451 /* MainMenu.nib */,
				B1E811880FF6854F00BF7451 /* Preferences.nib */,
				B1A6E8870FC8A4F700566C55 /* PasswordWindow.nib */,
				B12A4D6210C86C22002CC63E /* NewPasswordWindow.nib */,
				B196E0960FACE30600509748 /* BSSelectWindow.nib */,
				B12A4DC710CB16F7002CC63E /* TanMethods.nib */,
				B1014C5C101A2FBE00ABA1FF /* Donation.nib */,
				B1A59497113182DA00FD8CB8 /* StatSplitController.xib */,
				B14C6002114848E1009324A6 /* BankStatementController.xib */,
				B136B23A0FE2F4D1007A643F /* institutes */,
				B1923B560EB7A6D40079ADCA /* Icons */,
				8D1107310486CEB800E47090 /* Info.plist */,
				089C165DFE840E0CC02AAC07 /* InfoPlist.strings */,
				B1F454370F101E7500BAF4E8 /* Localizable.strings */,
				B1F458320F251F0E00BAF4E8 /* dsa_pub.pem */,
				B19330720EE1E5E5003FEC97 /* Credits.html */,
				B170788210E4F80C00A974E7 /* Accounts.xcdatamodeld */,
			);
			name = Resources;
			sourceTree = "<group>";
		};
		29B97323FDCFA39411CA2CEA /* Frameworks */ = {
			isa = PBXGroup;
			children = (
				1058C7A0FEA54F0111CA2CBB /* Linked Frameworks */,
				1058C7A2FEA54F0111CA2CBB /* Other Frameworks */,
			);
			name = Frameworks;
			sourceTree = "<group>";
		};
		B12A497E10BDD242002CC63E /* HBCIBridge */ = {
			isa = PBXGroup;
			children = (
				B1F459EA0F2E480700BAF4E8 /* BankInfo.h */,
				B1F459EB0F2E480700BAF4E8 /* BankInfo.m */,
				B12A496910BDD23D002CC63E /* Account.h */,
				B12A496A10BDD23D002CC63E /* Account.m */,
				B12A496B10BDD23D002CC63E /* CallbackParser.h */,
				B12A496C10BDD23D002CC63E /* CallbackParser.m */,
				B12A496D10BDD23D002CC63E /* HBCIBridge.h */,
				B12A496E10BDD23D002CC63E /* HBCIBridge.m */,
				B12A496F10BDD23D002CC63E /* HBCIError.h */,
				B12A497010BDD23D002CC63E /* HBCIError.m */,
				B12A497110BDD23D002CC63E /* LogParser.h */,
				B12A497210BDD23D002CC63E /* LogParser.m */,
				B12A497310BDD23D002CC63E /* Passport.h */,
				B12A497410BDD23D002CC63E /* Passport.m */,
				B12A497510BDD23D002CC63E /* ResultParser.h */,
				B12A497610BDD23D002CC63E /* ResultParser.m */,
				B12A498E10BDD6A2002CC63E /* HBCIClient.h */,
				B12A498F10BDD6A2002CC63E /* HBCIClient.m */,
				B12A499B10BF188D002CC63E /* CallbackData.h */,
				B12A499C10BF188D002CC63E /* CallbackData.m */,
			);
			name = HBCIBridge;
			sourceTree = "<group>";
		};
		B136AACF0FCF1BF5007A643F /* Classes */ = {
			isa = PBXGroup;
			children = (
				B14C61B8115AB4A9009324A6 /* Migration */,
				B12A497E10BDD242002CC63E /* HBCIBridge */,
				B1FE0DD81065885D005B3800 /* Basic */,
				B1FE0DD610658759005B3800 /* Service */,
				B1FE0DCD106585DC005B3800 /* Core Data */,
				B1FE0DCC10658529005B3800 /* AB Connection */,
				B1FE0DCB106583F8005B3800 /* WindowController */,
				B1FE0DC8106583A3005B3800 /* Extensions */,
				B1FE0DD710658824005B3800 /* Classification */,
			);
			name = Classes;
			sourceTree = "<group>";
		};
		B136B1DD0FE25080007A643F /* BuildInstitutes */ = {
			isa = PBXGroup;
			children = (
				B136B1E50FE2517A007A643F /* main.m */,
			);
			name = BuildInstitutes;
			sourceTree = "<group>";
		};
		B14C61B8115AB4A9009324A6 /* Migration */ = {
			isa = PBXGroup;
			children = (
				B14C61B9115AB4FB009324A6 /* BankStatementPolicy030.h */,
				B14C61BA115AB4FB009324A6 /* BankStatementPolicy030.m */,
				B14C630C11629C7D009324A6 /* CategoryPolicy030.h */,
				B14C630D11629C7D009324A6 /* CategoryPolicy030.m */,
			);
			name = Migration;
			sourceTree = "<group>";
		};
		B1923B560EB7A6D40079ADCA /* Icons */ = {
			isa = PBXGroup;
			children = (
				B1014C101018F97600ABA1FF /* lock.ico */,
				B1014BEF1018E91300ABA1FF /* catdef.ico */,
				B1014BF11018E95000ABA1FF /* catdef2.ico */,
				B1014BFA1018EF8900ABA1FF /* catdef3.ico */,
				B1014BFC1018EF9D00ABA1FF /* catdef4.ico */,
				B1014BFE1018EFB300ABA1FF /* catdef5.ico */,
				B1014BF31018E9BA00ABA1FF /* accrep.ico */,
				B1014BF51018EE9000ABA1FF /* accrep2.ico */,
				B1014BF71018EED800ABA1FF /* accrep3.ico */,
				B1014BED1018E8A800ABA1FF /* catrep.ico */,
				B1014BEB1018E87B00ABA1FF /* save.ico */,
				B1014BE91018E86200ABA1FF /* delete.ico */,
				B1014BE71018E81B00ABA1FF /* yes.ico */,
				B1014C0B1018F48500ABA1FF /* yes2.ico */,
				B1014C081018F3D600ABA1FF /* yes_small.icns */,
				B1014BE51018E32A00ABA1FF /* library.ico */,
				B1014BE31018E29F00ABA1FF /* update.ico */,
				B132F84A0F8FE9DB00263F3B /* ins-8.png */,
				B1659E050EE88B2700998258 /* Transfer_Dated_32.png */,
				B19330180EE1DA37003FEC97 /* Vespasian.icns */,
				B1B0EEDE0EDF3F0900701E76 /* nok.png */,
				B1B0EECF0EDF358200701E76 /* 3floppy.png */,
				B1B0EED00EDF358200701E76 /* empty.png */,
				B1B0EECD0EDF33F400701E76 /* trash.png */,
				B1B0EEC60EDF325F00701E76 /* floppy.png */,
				B182680A0EC0E826008BC010 /* EUTransfer_32.png */,
				B18268080EC0E460008BC010 /* DatedTransfer_32.png */,
				B120E40E0EB0FC0E00FC5A6F /* cake.png */,
				B1AB52280DD4F30900327122 /* log.icns */,
				B1986F870DC126CF005F7043 /* Pecunia.icns */,
				B1A034C50D8C5B4200072442 /* pec4.icns */,
				B165B5200D340C7D00447DD8 /* minus-8.png */,
				B165B51E0D340C5800447DD8 /* plus-8.png */,
				B165B4430D2DA35600447DD8 /* Transfer_help.png */,
				B165B44F0D2EED7600447DD8 /* Transfer_32.png */,
				B165B4160D2D8E6D00447DD8 /* Balances_get_32.png */,
				B165B4140D2D8E4500447DD8 /* Accounts.icns */,
				B165B4120D2D8E1A00447DD8 /* Transfers.icns */,
				B120E4050EB0FB0A00FC5A6F /* oksmall.png */,
				B120E3C50EB0F7B800FC5A6F /* okshape.png */,
				B120E3C10EB0F3F000FC5A6F /* AccountRep.png */,
				B120E3BF0EB0F34D00FC5A6F /* icon_colors.png */,
			);
			name = Icons;
			sourceTree = "<group>";
		};
		B1FE0DC8106583A3005B3800 /* Extensions */ = {
			isa = PBXGroup;
			children = (
				B1D6C9EC0EAA5A3000EA99A2 /* MCEMOutlineViewLayout.h */,
				B1D6C9ED0EAA5A3000EA99A2 /* MCEMOutlineViewLayout.m */,
				B132F8CF0F93DC0D00263F3B /* MCEMTreeController.h */,
				B132F8D00F93DC0D00263F3B /* MCEMTreeController.m */,
				B152B5121025FE2400EE06D6 /* MCEMBorderedView.h */,
				B152B5131025FE2400EE06D6 /* MCEMBorderedView.m */,
				B136AAD60FCF1C4A007A643F /* MCEMTableView.h */,
				B136AAD70FCF1C4A007A643F /* MCEMTableView.m */,
				B136AB340FD077DD007A643F /* MCEMPieChartView.h */,
				B136AB350FD077DD007A643F /* MCEMPieChartView.m */,
				B1EFA8010D5CE7BA007FD9C3 /* CCDLayoutAdditions.h */,
				B1EFA8020D5CE7BA007FD9C3 /* CCDLayoutAdditions.m */,
				B14D6DED0DEC9C9100C2B220 /* CategoryView.h */,
				B14D6DEE0DEC9C9100C2B220 /* CategoryView.m */,
				B18978850ED0B2E800D20503 /* StatementDetails.h */,
				B18978860ED0B2E800D20503 /* StatementDetails.m */,
				B14C6299115E00AA009324A6 /* MigrationManagerWorkaround.h */,
				B14C629A115E00AA009324A6 /* MigrationManagerWorkaround.m */,
			);
			name = Extensions;
			sourceTree = "<group>";
		};
		B1FE0DCB106583F8005B3800 /* WindowController */ = {
			isa = PBXGroup;
			children = (
				B1C90E140ABB39D5006F18C9 /* BankingController.h */,
				B1C90E150ABB39D5006F18C9 /* BankingController.m */,
				B1029E100E3FA1D700CC681B /* CatDefWindowController.h */,
				B1029E110E3FA1D700CC681B /* CatDefWindowController.m */,
				B19822DB0E6F304A001C4C70 /* AccountRepWindowController.h */,
				B19822DC0E6F304A001C4C70 /* AccountRepWindowController.m */,
				B192FDC00E8434D500B53380 /* CategoryRepWindowController.h */,
				B192FDC10E8434D500B53380 /* CategoryRepWindowController.m */,
				B155D92C0BFD04B300904051 /* TransactionController.h */,
				B155D92D0BFD04B300904051 /* TransactionController.m */,
				B196E0920FACE15F00509748 /* BSSelectWindowController.h */,
				B196E0930FACE15F00509748 /* BSSelectWindowController.m */,
				B1A6E8330FC890E400566C55 /* PasswordWindow.h */,
				B1A6E8340FC890E400566C55 /* PasswordWindow.m */,
				B12A4D4D10C869F0002CC63E /* NewPasswordController.h */,
				B12A4D4E10C869F0002CC63E /* NewPasswordController.m */,
				B1A1377211B6FD9400622D6C /* AccountDefController.h */,
				B1A1377311B6FD9400622D6C /* AccountDefController.m */,
				B1F4587C0F2907BD00BAF4E8 /* AccountChangeController.h */,
				B1F4587D0F2907BD00BAF4E8 /* AccountChangeController.m */,
				B18EA3680E4B8C0100A53FD4 /* ExportController.h */,
				B18EA3690E4B8C0100A53FD4 /* ExportController.m */,
				B18B20540CC6A51B00B0B02C /* NewBankUserController.h */,
				B18B20550CC6A51B00B0B02C /* NewBankUserController.m */,
				B12A4DC110C9CAF0002CC63E /* TanMethodListController.h */,
				B12A4DC210C9CAF0002CC63E /* TanMethodListController.m */,
				B17074850D55104000FBF186 /* PreferenceController.h */,
				B17074860D55104000FBF186 /* PreferenceController.m */,
				B1A0340D0D8B028300072442 /* AccountSettingsController.h */,
				B1A0340E0D8B028300072442 /* AccountSettingsController.m */,
				B136B24C0FE2F705007A643F /* InstitutesController.h */,
				B136B24D0FE2F705007A643F /* InstitutesController.m */,
				B1014C65101A37E800ABA1FF /* DonationMessageController.h */,
				B1014C66101A37E800ABA1FF /* DonationMessageController.m */,
				B1A035740D8C77FC00072442 /* LogController.h */,
				B1A035730D8C77FC00072442 /* LogController.m */,
				B1A59494113165BC00FD8CB8 /* StatSplitController.h */,
				B1A59495113165BC00FD8CB8 /* StatSplitController.m */,
				B14C5FFF1148467A009324A6 /* BankStatementController.h */,
				B14C60001148467A009324A6 /* BankStatementController.m */,
			);
			name = WindowController;
			sourceTree = "<group>";
		};
		B1FE0DCC10658529005B3800 /* AB Connection */ = {
			isa = PBXGroup;
			children = (
				B14EBCFB1031FAC700020A26 /* BankQueryResult.h */,
				B14EBCFC1031FAC700020A26 /* BankQueryResult.m */,
				B17072D30D4BD35D00FBF186 /* TransactionLimits.h */,
				B17072D40D4BD35D00FBF186 /* TransactionLimits.m */,
				B189782C0ECF47CA00D20503 /* Country.h */,
				B189782D0ECF47CA00D20503 /* Country.m */,
				B1014AEC101643C800ABA1FF /* TanMethod.h */,
				B1014AED101643C800ABA1FF /* TanMethod.m */,
				B1A5940C112A8D8500FD8CB8 /* TransferResult.h */,
				B1A5940D112A8D8500FD8CB8 /* TransferResult.m */,
			);
			name = "AB Connection";
			sourceTree = "<group>";
		};
		B1FE0DCD106585DC005B3800 /* Core Data */ = {
			isa = PBXGroup;
			children = (
				B124F09D0C36F3E8001065C2 /* BankStatement.h */,
				B124F09E0C36F3E8001065C2 /* BankStatement.m */,
				B1F527030C3C1D5800BE3DFC /* Category.h */,
				B1F527040C3C1D5800BE3DFC /* Category.m */,
				B124F10F0C371384001065C2 /* BankAccount.h */,
				B124F1100C371384001065C2 /* BankAccount.m */,
				B1927D230C52B5CD00B4D390 /* Transfer.h */,
				B1927D240C52B5CD00B4D390 /* Transfer.m */,
				B17078F710EA5E6100A974E7 /* StatCatAssignment.h */,
				B17078F810EA5E6100A974E7 /* StatCatAssignment.m */,
			);
			name = "Core Data";
			sourceTree = "<group>";
		};
		B1FE0DD610658759005B3800 /* Service */ = {
			isa = PBXGroup;
			children = (
				B196E1B00FB4CFE200509748 /* StatusBarController.h */,
				B196E1B10FB4CFE200509748 /* StatusBarController.m */,
				B10F77AB0D8EFC8300F00E60 /* MOAssistant.h */,
				B10F77AC0D8EFC8300F00E60 /* MOAssistant.m */,
				B19A85EE0F3CC3D3000FE9B3 /* Keychain.h */,
				B19A85EF0F3CC3D3000FE9B3 /* Keychain.m */,
				B196E03B0FABA2CC00509748 /* WorkerThread.h */,
				B196E03C0FABA2CC00509748 /* WorkerThread.m */,
				B132FADD0F9CFD0000263F3B /* TimeSliceManager.h */,
				B132FADE0F9CFD0000263F3B /* TimeSliceManager.m */,
				B196E22B0FB8AFCD00509748 /* AMShellWrapper.h */,
				B196E22A0FB8AFCD00509748 /* AMShellWrapper.m */,
				B196E22F0FB8B12E00509748 /* HDIWrapper.h */,
				B196E2300FB8B12E00509748 /* HDIWrapper.m */,
			);
			name = Service;
			sourceTree = "<group>";
		};
		B1FE0DD710658824005B3800 /* Classification */ = {
			isa = PBXGroup;
			children = (
				B18B31770E3E463C00F0D2BF /* CatAssignClassification.h */,
				B18B31780E3E463C00F0D2BF /* CatAssignClassification.m */,
				B18B31740E3E454C00F0D2BF /* ClassificationContext.h */,
				B18B31750E3E454C00F0D2BF /* ClassificationContext.m */,
			);
			name = Classification;
			sourceTree = "<group>";
		};
		B1FE0DD81065885D005B3800 /* Basic */ = {
			isa = PBXGroup;
			children = (
				B19F41BC0FBDF57B003EE0E1 /* PecuniaError.h */,
				B19F41BD0FBDF57B003EE0E1 /* PecuniaError.m */,
				B132F91D0F96594000263F3B /* ShortDate.h */,
				B132F91E0F96594000263F3B /* ShortDate.m */,
			);
			name = Basic;
			sourceTree = "<group>";
		};
/* End PBXGroup section */

/* Begin PBXNativeTarget section */
		8D1107260486CEB800E47090 /* Pecunia */ = {
			isa = PBXNativeTarget;
			buildConfigurationList = B14C0A870AAF71DB00CC41C4 /* Build configuration list for PBXNativeTarget "Pecunia" */;
			buildPhases = (
				8D1107290486CEB800E47090 /* Resources */,
				8D11072C0486CEB800E47090 /* Sources */,
				8D11072E0486CEB800E47090 /* Frameworks */,
				B192EAF90EEDBFF6006F61F1 /* Copy Files */,
				B12030F211C2CFEB00B1B22A /* CopyFiles */,
			);
			buildRules = (
			);
			dependencies = (
			);
			name = Pecunia;
			productInstallPath = "$(HOME)/Applications";
			productName = Pecunia;
			productReference = 8D1107320486CEB800E47090 /* Pecunia.app */;
			productType = "com.apple.product-type.application";
		};
		B136B1CF0FE24C59007A643F /* BuildInstitutes */ = {
			isa = PBXNativeTarget;
			buildConfigurationList = B136B1D50FE24C78007A643F /* Build configuration list for PBXNativeTarget "BuildInstitutes" */;
			buildPhases = (
				B136B1CD0FE24C59007A643F /* Sources */,
				B136B1CE0FE24C59007A643F /* Frameworks */,
			);
			buildRules = (
			);
			dependencies = (
			);
			name = BuildInstitutes;
			productName = BuildInstitutes;
			productReference = B136B1D00FE24C59007A643F /* BuildInstitutes */;
			productType = "com.apple.product-type.tool";
		};
/* End PBXNativeTarget section */

/* Begin PBXProject section */
		29B97313FDCFA39411CA2CEA /* Project object */ = {
			isa = PBXProject;
			buildConfigurationList = B14C0A8B0AAF71DB00CC41C4 /* Build configuration list for PBXProject "Pecunia" */;
			compatibilityVersion = "Xcode 3.1";
			hasScannedForEncodings = 1;
			mainGroup = 29B97314FDCFA39411CA2CEA /* Pecunia */;
			projectDirPath = "";
			projectRoot = "";
			targets = (
				8D1107260486CEB800E47090 /* Pecunia */,
				B136B1CF0FE24C59007A643F /* BuildInstitutes */,
			);
		};
/* End PBXProject section */

/* Begin PBXResourcesBuildPhase section */
		8D1107290486CEB800E47090 /* Resources */ = {
			isa = PBXResourcesBuildPhase;
			buildActionMask = 2147483647;
			files = (
				B1E8119D0FF6863D00BF7451 /* InfoPlist.strings in Resources */,
				B1E811A20FF6874F00BF7451 /* Localizable.strings in Resources */,
				B165B4130D2D8E1A00447DD8 /* Transfers.icns in Resources */,
				B165B4150D2D8E4500447DD8 /* Accounts.icns in Resources */,
				B165B4170D2D8E6D00447DD8 /* Balances_get_32.png in Resources */,
				B165B4440D2DA35600447DD8 /* Transfer_help.png in Resources */,
				B165B4500D2EED7600447DD8 /* Transfer_32.png in Resources */,
				B165B51F0D340C5800447DD8 /* plus-8.png in Resources */,
				B165B5210D340C7D00447DD8 /* minus-8.png in Resources */,
				B1A034C60D8C5B4200072442 /* pec4.icns in Resources */,
				B1986F880DC126CF005F7043 /* Pecunia.icns in Resources */,
				B1AB52290DD4F30900327122 /* log.icns in Resources */,
				B120E3C00EB0F34D00FC5A6F /* icon_colors.png in Resources */,
				B120E3C30EB0F3F000FC5A6F /* AccountRep.png in Resources */,
				B120E3C60EB0F7B800FC5A6F /* okshape.png in Resources */,
				B120E4060EB0FB0A00FC5A6F /* oksmall.png in Resources */,
				B120E40F0EB0FC0E00FC5A6F /* cake.png in Resources */,
				B18268090EC0E460008BC010 /* DatedTransfer_32.png in Resources */,
				B182680B0EC0E826008BC010 /* EUTransfer_32.png in Resources */,
				B1B0EEC80EDF325F00701E76 /* floppy.png in Resources */,
				B1B0EECE0EDF33F400701E76 /* trash.png in Resources */,
				B1B0EED10EDF358200701E76 /* 3floppy.png in Resources */,
				B1B0EED20EDF358200701E76 /* empty.png in Resources */,
				B1B0EEDF0EDF3F0900701E76 /* nok.png in Resources */,
				B19330190EE1DA37003FEC97 /* Vespasian.icns in Resources */,
				B19330730EE1E5E5003FEC97 /* Credits.html in Resources */,
				B1659E060EE88B2700998258 /* Transfer_Dated_32.png in Resources */,
				B1F458330F251F0E00BAF4E8 /* dsa_pub.pem in Resources */,
				B132F84B0F8FE9DB00263F3B /* ins-8.png in Resources */,
				B196E0970FACE30600509748 /* BSSelectWindow.nib in Resources */,
				B1A6E8880FC8A4F700566C55 /* PasswordWindow.nib in Resources */,
				B136B23B0FE2F4D1007A643F /* institutes in Resources */,
				B1E8118C0FF6854F00BF7451 /* AccountMaintenance.nib in Resources */,
				B1E8118D0FF6854F00BF7451 /* AccountSettings.nib in Resources */,
				B1E8118E0FF6854F00BF7451 /* BankUser.nib in Resources */,
				B1E8118F0FF6854F00BF7451 /* ExportPopup.nib in Resources */,
				B1E811900FF6854F00BF7451 /* Institutes.nib in Resources */,
				B1E811910FF6854F00BF7451 /* LogController.nib in Resources */,
				B1E811920FF6854F00BF7451 /* MainMenu.nib in Resources */,
				B1E811930FF6854F00BF7451 /* Preferences.nib in Resources */,
				B1E811F00FF68B3700BF7451 /* PecuniaHelp in Resources */,
				B1014BE41018E29F00ABA1FF /* update.ico in Resources */,
				B1014BE61018E32A00ABA1FF /* library.ico in Resources */,
				B1014BE81018E81B00ABA1FF /* yes.ico in Resources */,
				B1014BEA1018E86200ABA1FF /* delete.ico in Resources */,
				B1014BEC1018E87B00ABA1FF /* save.ico in Resources */,
				B1014BEE1018E8A800ABA1FF /* catrep.ico in Resources */,
				B1014BF01018E91300ABA1FF /* catdef.ico in Resources */,
				B1014BF21018E95000ABA1FF /* catdef2.ico in Resources */,
				B1014BF41018E9BA00ABA1FF /* accrep.ico in Resources */,
				B1014BF61018EE9000ABA1FF /* accrep2.ico in Resources */,
				B1014BF81018EED800ABA1FF /* accrep3.ico in Resources */,
				B1014BFB1018EF8900ABA1FF /* catdef3.ico in Resources */,
				B1014BFD1018EF9D00ABA1FF /* catdef4.ico in Resources */,
				B1014BFF1018EFB300ABA1FF /* catdef5.ico in Resources */,
				B1014C091018F3D600ABA1FF /* yes_small.icns in Resources */,
				B1014C0C1018F48500ABA1FF /* yes2.ico in Resources */,
				B1014C111018F97600ABA1FF /* lock.ico in Resources */,
				B1014C5D101A2FBE00ABA1FF /* Donation.nib in Resources */,
				B1014CB2101A4C3D00ABA1FF /* gpl-2.0.txt in Resources */,
				B12A4D6310C86C22002CC63E /* NewPasswordWindow.nib in Resources */,
				B12A4DC810CB16F7002CC63E /* TanMethods.nib in Resources */,
				B1BCDF76111F5DBB002E0802 /* CountryInfo.txt in Resources */,
				B1A59498113182DA00FD8CB8 /* StatSplitController.xib in Resources */,
				B14C6003114848E1009324A6 /* BankStatementController.xib in Resources */,
				B1A1376811B6FA9800622D6C /* AccountCreate.nib in Resources */,
			);
			runOnlyForDeploymentPostprocessing = 0;
		};
/* End PBXResourcesBuildPhase section */

/* Begin PBXSourcesBuildPhase section */
		8D11072C0486CEB800E47090 /* Sources */ = {
			isa = PBXSourcesBuildPhase;
			buildActionMask = 2147483647;
			files = (
				8D11072D0486CEB800E47090 /* main.m in Sources */,
				B1C90E160ABB39D5006F18C9 /* BankingController.m in Sources */,
				B155D92E0BFD04B300904051 /* TransactionController.m in Sources */,
				B170788310E4F80C00A974E7 /* Accounts.xcdatamodeld in Sources */,
				B124F09F0C36F3E8001065C2 /* BankStatement.m in Sources */,
				B124F1110C371384001065C2 /* BankAccount.m in Sources */,
				B1F527050C3C1D5800BE3DFC /* Category.m in Sources */,
				B1927D250C52B5CD00B4D390 /* Transfer.m in Sources */,
				B18B20560CC6A51B00B0B02C /* NewBankUserController.m in Sources */,
				B17072D50D4BD35D00FBF186 /* TransactionLimits.m in Sources */,
				B17074870D55104000FBF186 /* PreferenceController.m in Sources */,
				B1EFA8030D5CE7BA007FD9C3 /* CCDLayoutAdditions.m in Sources */,
				B1A0340F0D8B028300072442 /* AccountSettingsController.m in Sources */,
				B1A035750D8C77FC00072442 /* LogController.m in Sources */,
				B10F77AD0D8EFC8300F00E60 /* MOAssistant.m in Sources */,
				B14D6DEF0DEC9C9100C2B220 /* CategoryView.m in Sources */,
				B18B31760E3E454C00F0D2BF /* ClassificationContext.m in Sources */,
				B18B31790E3E463C00F0D2BF /* CatAssignClassification.m in Sources */,
				B1029E120E3FA1D700CC681B /* CatDefWindowController.m in Sources */,
				B18EA36A0E4B8C0100A53FD4 /* ExportController.m in Sources */,
				B19822DD0E6F304A001C4C70 /* AccountRepWindowController.m in Sources */,
				B192FDC20E8434D500B53380 /* CategoryRepWindowController.m in Sources */,
				B1D6C9EE0EAA5A3000EA99A2 /* MCEMOutlineViewLayout.m in Sources */,
				B189782E0ECF47CA00D20503 /* Country.m in Sources */,
				B18978870ED0B2E800D20503 /* StatementDetails.m in Sources */,
				B1F4587E0F2907BD00BAF4E8 /* AccountChangeController.m in Sources */,
				B1F459EC0F2E480700BAF4E8 /* BankInfo.m in Sources */,
				B19A85F00F3CC3D3000FE9B3 /* Keychain.m in Sources */,
				B132F8D10F93DC0D00263F3B /* MCEMTreeController.m in Sources */,
				B132F91F0F96594000263F3B /* ShortDate.m in Sources */,
				B132FADF0F9CFD0000263F3B /* TimeSliceManager.m in Sources */,
				B196E03D0FABA2CC00509748 /* WorkerThread.m in Sources */,
				B196E0940FACE15F00509748 /* BSSelectWindowController.m in Sources */,
				B196E1B20FB4CFE200509748 /* StatusBarController.m in Sources */,
				B196E22C0FB8AFCD00509748 /* AMShellWrapper.m in Sources */,
				B196E2310FB8B12E00509748 /* HDIWrapper.m in Sources */,
				B19F41BE0FBDF57B003EE0E1 /* PecuniaError.m in Sources */,
				B1A6E8350FC890E400566C55 /* PasswordWindow.m in Sources */,
				B136AAD80FCF1C4A007A643F /* MCEMTableView.m in Sources */,
				B136AB360FD077DD007A643F /* MCEMPieChartView.m in Sources */,
				B136B24E0FE2F705007A643F /* InstitutesController.m in Sources */,
				B1014AEE101643C800ABA1FF /* TanMethod.m in Sources */,
				B1014C67101A37E800ABA1FF /* DonationMessageController.m in Sources */,
				B152B5141025FE2400EE06D6 /* MCEMBorderedView.m in Sources */,
				B14EBCFD1031FAC700020A26 /* BankQueryResult.m in Sources */,
				B12A497710BDD23D002CC63E /* Account.m in Sources */,
				B12A497810BDD23D002CC63E /* CallbackParser.m in Sources */,
				B12A497910BDD23D002CC63E /* HBCIBridge.m in Sources */,
				B12A497A10BDD23D002CC63E /* HBCIError.m in Sources */,
				B12A497B10BDD23D002CC63E /* LogParser.m in Sources */,
				B12A497C10BDD23D002CC63E /* Passport.m in Sources */,
				B12A497D10BDD23D002CC63E /* ResultParser.m in Sources */,
				B12A499010BDD6A2002CC63E /* HBCIClient.m in Sources */,
				B12A499D10BF188D002CC63E /* CallbackData.m in Sources */,
				B12A4D4F10C869F0002CC63E /* NewPasswordController.m in Sources */,
				B12A4DC310C9CAF0002CC63E /* TanMethodListController.m in Sources */,
				B17078F910EA5E6100A974E7 /* StatCatAssignment.m in Sources */,
				B1A5940E112A8D8500FD8CB8 /* TransferResult.m in Sources */,
				B1A59496113165BC00FD8CB8 /* StatSplitController.m in Sources */,
				B14C60011148467A009324A6 /* BankStatementController.m in Sources */,
				B14C61BB115AB4FB009324A6 /* BankStatementPolicy030.m in Sources */,
				B14C6225115C04FA009324A6 /* 030.xcmappingmodel in Sources */,
				B14C629B115E00AA009324A6 /* MigrationManagerWorkaround.m in Sources */,
				B14C630E11629C7D009324A6 /* CategoryPolicy030.m in Sources */,
				B1A1377411B6FD9400622D6C /* AccountDefController.m in Sources */,
			);
			runOnlyForDeploymentPostprocessing = 0;
		};
		B136B1CD0FE24C59007A643F /* Sources */ = {
			isa = PBXSourcesBuildPhase;
			buildActionMask = 2147483647;
			files = (
				B136B1E60FE2517A007A643F /* main.m in Sources */,
			);
			runOnlyForDeploymentPostprocessing = 0;
		};
/* End PBXSourcesBuildPhase section */

/* Begin XCBuildConfiguration section */
		B136B1D20FE24C5A007A643F /* Development */ = {
			isa = XCBuildConfiguration;
			buildSettings = {
				ALWAYS_SEARCH_USER_PATHS = NO;
				COPY_PHASE_STRIP = NO;
				GCC_DYNAMIC_NO_PIC = NO;
				GCC_ENABLE_FIX_AND_CONTINUE = YES;
				GCC_MODEL_TUNING = G5;
				GCC_OPTIMIZATION_LEVEL = 0;
				GCC_PRECOMPILE_PREFIX_HEADER = YES;
				GCC_PREFIX_HEADER = "$(SYSTEM_LIBRARY_DIR)/Frameworks/AppKit.framework/Headers/AppKit.h";
				INSTALL_PATH = /usr/local/bin;
				OTHER_LDFLAGS = (
					"-framework",
					Foundation,
					"-framework",
					AppKit,
				);
				PREBINDING = NO;
				PRODUCT_NAME = BuildInstitutes;
			};
			name = Development;
		};
		B136B1D30FE24C5A007A643F /* Deployment */ = {
			isa = XCBuildConfiguration;
			buildSettings = {
				ALWAYS_SEARCH_USER_PATHS = NO;
				COPY_PHASE_STRIP = YES;
				DEBUG_INFORMATION_FORMAT = "dwarf-with-dsym";
				GCC_ENABLE_FIX_AND_CONTINUE = NO;
				GCC_MODEL_TUNING = G5;
				GCC_PRECOMPILE_PREFIX_HEADER = YES;
				GCC_PREFIX_HEADER = "$(SYSTEM_LIBRARY_DIR)/Frameworks/AppKit.framework/Headers/AppKit.h";
				INSTALL_PATH = /usr/local/bin;
				OTHER_LDFLAGS = (
					"-framework",
					Foundation,
					"-framework",
					AppKit,
				);
				PREBINDING = NO;
				PRODUCT_NAME = BuildInstitutes;
				ZERO_LINK = NO;
			};
			name = Deployment;
		};
		B136B1D40FE24C5A007A643F /* Default */ = {
			isa = XCBuildConfiguration;
			buildSettings = {
				ALWAYS_SEARCH_USER_PATHS = NO;
				GCC_ENABLE_FIX_AND_CONTINUE = YES;
				GCC_MODEL_TUNING = G5;
				GCC_PRECOMPILE_PREFIX_HEADER = YES;
				GCC_PREFIX_HEADER = "$(SYSTEM_LIBRARY_DIR)/Frameworks/AppKit.framework/Headers/AppKit.h";
				INSTALL_PATH = /usr/local/bin;
				OTHER_LDFLAGS = (
					"-framework",
					Foundation,
					"-framework",
					AppKit,
				);
				PREBINDING = NO;
				PRODUCT_NAME = BuildInstitutes;
			};
			name = Default;
		};
		B14C0A880AAF71DB00CC41C4 /* Development */ = {
			isa = XCBuildConfiguration;
			buildSettings = {
				COPY_PHASE_STRIP = NO;
				FRAMEWORK_SEARCH_PATHS = (
					"$(inherited)",
					"\"$(SRCROOT)\"",
				);
				FRAMEWORK_SEARCH_PATHS_QUOTED_FOR_TARGET_2 = "\"$(SRCROOT)\"";
				GCC_DYNAMIC_NO_PIC = NO;
				GCC_ENABLE_FIX_AND_CONTINUE = YES;
				GCC_GENERATE_DEBUGGING_SYMBOLS = YES;
				GCC_OPTIMIZATION_LEVEL = 0;
				GCC_PRECOMPILE_PREFIX_HEADER = YES;
				GCC_PREFIX_HEADER = Pecunia_Prefix.pch;
				GCC_VERSION = 4.0;
				GCC_WARN_ABOUT_RETURN_TYPE = YES;
				GCC_WARN_UNUSED_VARIABLE = YES;
				INFOPLIST_FILE = Info.plist;
				INSTALL_PATH = "$(HOME)/Applications";
				LIBRARY_SEARCH_PATHS = (
					"$(inherited)",
					"$(LIBRARY_SEARCH_PATHS_QUOTED_7)",
				);
				LIBRARY_SEARCH_PATHS_QUOTED_1 = "\"$(SRCROOT)\"";
				LIBRARY_SEARCH_PATHS_QUOTED_7 = "\"$(SRCROOT)\"";
				OTHER_LDFLAGS = "-lz";
				PREBINDING = NO;
				PRODUCT_NAME = Pecunia;
				SDKROOT = macosx10.5;
				USER_HEADER_SEARCH_PATHS = "";
				WRAPPER_EXTENSION = app;
				ZERO_LINK = YES;
			};
			name = Development;
		};
		B14C0A890AAF71DB00CC41C4 /* Deployment */ = {
			isa = XCBuildConfiguration;
			buildSettings = {
				COPY_PHASE_STRIP = YES;
				FRAMEWORK_SEARCH_PATHS = (
					"$(inherited)",
					"$(FRAMEWORK_SEARCH_PATHS_QUOTED_1)",
					"$(FRAMEWORK_SEARCH_PATHS_QUOTED_FOR_TARGET_1)",
					"\"$(SRCROOT)\"",
				);
				FRAMEWORK_SEARCH_PATHS_QUOTED_1 = "\"$(SRCROOT)/../SM2DGraphView Source/build/Deploy-Embed-10_4_Min\"";
				FRAMEWORK_SEARCH_PATHS_QUOTED_FOR_TARGET_1 = "\"$(SRCROOT)\"";
				GCC_ENABLE_FIX_AND_CONTINUE = NO;
				GCC_GENERATE_DEBUGGING_SYMBOLS = NO;
				GCC_PRECOMPILE_PREFIX_HEADER = YES;
				GCC_PREFIX_HEADER = Pecunia_Prefix.pch;
				GCC_WARN_ABOUT_RETURN_TYPE = YES;
				GCC_WARN_UNUSED_VARIABLE = YES;
				INFOPLIST_FILE = Info.plist;
				INSTALL_PATH = "$(HOME)/Applications";
				LIBRARY_SEARCH_PATHS = (
					"$(inherited)",
					/sw/lib,
					"$(LIBRARY_SEARCH_PATHS_QUOTED_7)",
					"$(LIBRARY_SEARCH_PATHS_QUOTED_FOR_TARGET_1)",
					/temp/install/lib,
					/temp/relinstall/lib,
				);
				LIBRARY_SEARCH_PATHS_QUOTED_1 = "\"$(SRCROOT)\"";
				LIBRARY_SEARCH_PATHS_QUOTED_2 = "\"$(SRCROOT)/build/Development/aqbanking/plugins/20/bankinfo\"";
				LIBRARY_SEARCH_PATHS_QUOTED_3 = "\"$(SRCROOT)/build/Development/aqbanking/plugins/20/imexporters\"";
				LIBRARY_SEARCH_PATHS_QUOTED_4 = "\"$(SRCROOT)/build/Development/aqbanking/plugins/20/providers\"";
				LIBRARY_SEARCH_PATHS_QUOTED_5 = "\"$(SRCROOT)\"";
				LIBRARY_SEARCH_PATHS_QUOTED_6 = "\"$(SRCROOT)\"";
				LIBRARY_SEARCH_PATHS_QUOTED_7 = "\"$(SRCROOT)\"";
				LIBRARY_SEARCH_PATHS_QUOTED_FOR_TARGET_1 = "\"$(LOCAL_LIBRARY_DIR)/Pecunia/lib\"";
				OTHER_LDFLAGS = (
					"-liconv",
					"-lz",
					"$(inherited)",
				);
				PREBINDING = NO;
				PRODUCT_NAME = Pecunia;
				USER_HEADER_SEARCH_PATHS = "/sw/include/gwenhywfar3 /sw/include";
				WRAPPER_EXTENSION = app;
				ZERO_LINK = NO;
			};
			name = Deployment;
		};
		B14C0A8A0AAF71DB00CC41C4 /* Default */ = {
			isa = XCBuildConfiguration;
			buildSettings = {
				FRAMEWORK_SEARCH_PATHS = (
					"$(inherited)",
					"$(FRAMEWORK_SEARCH_PATHS_QUOTED_1)",
					"$(FRAMEWORK_SEARCH_PATHS_QUOTED_FOR_TARGET_1)",
					"\"$(SRCROOT)\"",
				);
				FRAMEWORK_SEARCH_PATHS_QUOTED_1 = "\"$(SRCROOT)/../SM2DGraphView Source/build/Deploy-Embed-10_4_Min\"";
				FRAMEWORK_SEARCH_PATHS_QUOTED_FOR_TARGET_1 = "\"$(SRCROOT)\"";
				GCC_GENERATE_DEBUGGING_SYMBOLS = NO;
				GCC_PRECOMPILE_PREFIX_HEADER = YES;
				GCC_PREFIX_HEADER = Pecunia_Prefix.pch;
				GCC_WARN_ABOUT_RETURN_TYPE = YES;
				GCC_WARN_UNUSED_VARIABLE = YES;
				INFOPLIST_FILE = Info.plist;
				INSTALL_PATH = "$(HOME)/Applications";
				LIBRARY_SEARCH_PATHS = (
					"$(inherited)",
					/sw/lib,
					"$(LIBRARY_SEARCH_PATHS_QUOTED_7)",
					"$(LIBRARY_SEARCH_PATHS_QUOTED_FOR_TARGET_1)",
					/temp/install/lib,
					/temp/relinstall/lib,
				);
				LIBRARY_SEARCH_PATHS_QUOTED_1 = "\"$(SRCROOT)\"";
				LIBRARY_SEARCH_PATHS_QUOTED_2 = "\"$(SRCROOT)/build/Development/aqbanking/plugins/20/bankinfo\"";
				LIBRARY_SEARCH_PATHS_QUOTED_3 = "\"$(SRCROOT)/build/Development/aqbanking/plugins/20/imexporters\"";
				LIBRARY_SEARCH_PATHS_QUOTED_4 = "\"$(SRCROOT)/build/Development/aqbanking/plugins/20/providers\"";
				LIBRARY_SEARCH_PATHS_QUOTED_5 = "\"$(SRCROOT)\"";
				LIBRARY_SEARCH_PATHS_QUOTED_6 = "\"$(SRCROOT)\"";
				LIBRARY_SEARCH_PATHS_QUOTED_7 = "\"$(SRCROOT)\"";
				LIBRARY_SEARCH_PATHS_QUOTED_FOR_TARGET_1 = "\"$(LOCAL_LIBRARY_DIR)/Pecunia/lib\"";
				OTHER_LDFLAGS = (
					"-liconv",
					"-lz",
					"$(inherited)",
				);
				PRODUCT_NAME = Pecunia;
				USER_HEADER_SEARCH_PATHS = "/sw/include/gwenhywfar3 /sw/include";
				WRAPPER_EXTENSION = app;
			};
			name = Default;
		};
		B14C0A8C0AAF71DB00CC41C4 /* Development */ = {
			isa = XCBuildConfiguration;
			buildSettings = {
				GCC_ENABLE_OBJC_EXCEPTIONS = YES;
				GCC_VERSION = 4.0;
				SDKROOT = macosx10.5;
			};
			name = Development;
		};
		B14C0A8D0AAF71DB00CC41C4 /* Deployment */ = {
			isa = XCBuildConfiguration;
			buildSettings = {
				GCC_ENABLE_OBJC_EXCEPTIONS = YES;
			};
			name = Deployment;
		};
		B14C0A8E0AAF71DB00CC41C4 /* Default */ = {
			isa = XCBuildConfiguration;
			buildSettings = {
				GCC_ENABLE_OBJC_EXCEPTIONS = YES;
			};
			name = Default;
		};
/* End XCBuildConfiguration section */

/* Begin XCConfigurationList section */
		B136B1D50FE24C78007A643F /* Build configuration list for PBXNativeTarget "BuildInstitutes" */ = {
			isa = XCConfigurationList;
			buildConfigurations = (
				B136B1D20FE24C5A007A643F /* Development */,
				B136B1D30FE24C5A007A643F /* Deployment */,
				B136B1D40FE24C5A007A643F /* Default */,
			);
			defaultConfigurationIsVisible = 0;
			defaultConfigurationName = Default;
		};
		B14C0A870AAF71DB00CC41C4 /* Build configuration list for PBXNativeTarget "Pecunia" */ = {
			isa = XCConfigurationList;
			buildConfigurations = (
				B14C0A880AAF71DB00CC41C4 /* Development */,
				B14C0A890AAF71DB00CC41C4 /* Deployment */,
				B14C0A8A0AAF71DB00CC41C4 /* Default */,
			);
			defaultConfigurationIsVisible = 0;
			defaultConfigurationName = Default;
		};
		B14C0A8B0AAF71DB00CC41C4 /* Build configuration list for PBXProject "Pecunia" */ = {
			isa = XCConfigurationList;
			buildConfigurations = (
				B14C0A8C0AAF71DB00CC41C4 /* Development */,
				B14C0A8D0AAF71DB00CC41C4 /* Deployment */,
				B14C0A8E0AAF71DB00CC41C4 /* Default */,
			);
			defaultConfigurationIsVisible = 0;
			defaultConfigurationName = Default;
		};
/* End XCConfigurationList section */

/* Begin XCVersionGroup section */
		B170788210E4F80C00A974E7 /* Accounts.xcdatamodeld */ = {
			isa = XCVersionGroup;
			children = (
				B1D29BD40C2C70B8003A61D9 /* Accounts.xcdatamodel */,
				B170788410E4F80D00A974E7 /* Accounts 2.xcdatamodel */,
			);
			currentVersion = B170788410E4F80D00A974E7 /* Accounts 2.xcdatamodel */;
			path = Accounts.xcdatamodeld;
			sourceTree = "<group>";
			versionGroupType = wrapper.xcdatamodel;
		};
/* End XCVersionGroup section */
	};
	rootObject = 29B97313FDCFA39411CA2CEA /* Project object */;
}
