// !$*UTF8*$!
{
	archiveVersion = 1;
	classes = {
	};
	objectVersion = 46;
	objects = {

/* Begin PBXBuildFile section */
		270ED4EB1AF4DD0400978925 /* AppDelegate.swift in Sources */ = {isa = PBXBuildFile; fileRef = 270ED4EA1AF4DD0400978925 /* AppDelegate.swift */; };
		270ED4F01AF4DD0400978925 /* MainMenu.xib in Resources */ = {isa = PBXBuildFile; fileRef = 270ED4EE1AF4DD0400978925 /* MainMenu.xib */; };
		271F95431B8880F500C2D242 /* de.lproj in Resources */ = {isa = PBXBuildFile; fileRef = 271F95421B8880F500C2D242 /* de.lproj */; };
		276ABD891AF65A8F0041DC23 /* NSDictionary+PecuniaAdditions.m in Sources */ = {isa = PBXBuildFile; fileRef = 276ABD881AF65A8F0041DC23 /* NSDictionary+PecuniaAdditions.m */; };
		277C0FE91B36C64500B9C738 /* Pecunia.icns in Resources */ = {isa = PBXBuildFile; fileRef = 277C0FE81B36C64500B9C738 /* Pecunia.icns */; };
		27812CCF1AF5044100458619 /* debug-helper.js in Resources */ = {isa = PBXBuildFile; fileRef = 27812CCE1AF5044100458619 /* debug-helper.js */; };
		278FFD8D1AFE43E60044BD5F /* PluginWorker.swift in Sources */ = {isa = PBXBuildFile; fileRef = 278FFD8C1AFE43E60044BD5F /* PluginWorker.swift */; };
		27B3D2FE1B10808D0011BBB3 /* WebKitExports.swift in Sources */ = {isa = PBXBuildFile; fileRef = 27B3D2FD1B10808D0011BBB3 /* WebKitExports.swift */; };
		27B3D3001B108DB50011BBB3 /* WebKit.framework in Frameworks */ = {isa = PBXBuildFile; fileRef = 27B3D2FF1B108DB50011BBB3 /* WebKit.framework */; };
		27B3D3051B120E100011BBB3 /* safari.png in Resources */ = {isa = PBXBuildFile; fileRef = 27B3D3041B120E100011BBB3 /* safari.png */; };
		27CE87A91B233669007B90F3 /* BankQueryResult.swift in Sources */ = {isa = PBXBuildFile; fileRef = 27CE87A81B233669007B90F3 /* BankQueryResult.swift */; };
		27CE87AB1B23373C007B90F3 /* BankStatement.swift in Sources */ = {isa = PBXBuildFile; fileRef = 27CE87AA1B23373C007B90F3 /* BankStatement.swift */; };
		27CE87AD1B23385F007B90F3 /* BankAccount.swift in Sources */ = {isa = PBXBuildFile; fileRef = 27CE87AC1B23385F007B90F3 /* BankAccount.swift */; };
		27CE87AF1B23395F007B90F3 /* StandingOrder.swift in Sources */ = {isa = PBXBuildFile; fileRef = 27CE87AE1B23395F007B90F3 /* StandingOrder.swift */; };
		27CE87B11B2339EC007B90F3 /* BlocksHelper.swift in Sources */ = {isa = PBXBuildFile; fileRef = 27CE87B01B2339EC007B90F3 /* BlocksHelper.swift */; };
		27E5E7581B88950E00E5D835 /* NSDecimalNumber.swift in Sources */ = {isa = PBXBuildFile; fileRef = 27E5E7571B88950E00E5D835 /* NSDecimalNumber.swift */; };
/* End PBXBuildFile section */

/* Begin PBXFileReference section */
		270ED4E51AF4DD0400978925 /* PecuniaPluginTester.app */ = {isa = PBXFileReference; explicitFileType = wrapper.application; includeInIndex = 0; path = PecuniaPluginTester.app; sourceTree = BUILT_PRODUCTS_DIR; };
		270ED4E91AF4DD0400978925 /* Info.plist */ = {isa = PBXFileReference; lastKnownFileType = text.plist.xml; path = Info.plist; sourceTree = "<group>"; };
		270ED4EA1AF4DD0400978925 /* AppDelegate.swift */ = {isa = PBXFileReference; lastKnownFileType = sourcecode.swift; path = AppDelegate.swift; sourceTree = "<group>"; wrapsLines = 0; };
		270ED4EF1AF4DD0400978925 /* Base */ = {isa = PBXFileReference; lastKnownFileType = file.xib; name = Base; path = Base.lproj/MainMenu.xib; sourceTree = "<group>"; };
		271F95421B8880F500C2D242 /* de.lproj */ = {isa = PBXFileReference; lastKnownFileType = folder; path = de.lproj; sourceTree = "<group>"; };
		276ABD871AF65A8F0041DC23 /* NSDictionary+PecuniaAdditions.h */ = {isa = PBXFileReference; fileEncoding = 4; lastKnownFileType = sourcecode.c.h; name = "NSDictionary+PecuniaAdditions.h"; path = "../../Source/NSDictionary+PecuniaAdditions.h"; sourceTree = "<group>"; };
		276ABD881AF65A8F0041DC23 /* NSDictionary+PecuniaAdditions.m */ = {isa = PBXFileReference; fileEncoding = 4; lastKnownFileType = sourcecode.c.objc; name = "NSDictionary+PecuniaAdditions.m"; path = "../../Source/NSDictionary+PecuniaAdditions.m"; sourceTree = "<group>"; };
		276ABD8C1AF65D700041DC23 /* PecuniaPlugingTester-Bridging-Header.h */ = {isa = PBXFileReference; fileEncoding = 4; lastKnownFileType = sourcecode.c.h; name = "PecuniaPlugingTester-Bridging-Header.h"; path = "../PecuniaPlugingTester-Bridging-Header.h"; sourceTree = "<group>"; };
		277C0FE81B36C64500B9C738 /* Pecunia.icns */ = {isa = PBXFileReference; lastKnownFileType = image.icns; name = Pecunia.icns; path = ../../Resources/Images/Pecunia.icns; sourceTree = "<group>"; };
		27812CCE1AF5044100458619 /* debug-helper.js */ = {isa = PBXFileReference; fileEncoding = 4; lastKnownFileType = sourcecode.javascript; path = "debug-helper.js"; sourceTree = "<group>"; };
		278FFD8C1AFE43E60044BD5F /* PluginWorker.swift */ = {isa = PBXFileReference; fileEncoding = 4; indentWidth = 4; lastKnownFileType = sourcecode.swift; name = PluginWorker.swift; path = ../Source/PluginWorker.swift; sourceTree = "<group>"; tabWidth = 4; wrapsLines = 0; };
		27B3D2FD1B10808D0011BBB3 /* WebKitExports.swift */ = {isa = PBXFileReference; fileEncoding = 4; lastKnownFileType = sourcecode.swift; name = WebKitExports.swift; path = ../Source/WebKitExports.swift; sourceTree = "<group>"; };
		27B3D2FF1B108DB50011BBB3 /* WebKit.framework */ = {isa = PBXFileReference; lastKnownFileType = wrapper.framework; name = WebKit.framework; path = System/Library/Frameworks/WebKit.framework; sourceTree = SDKROOT; };
		27B3D3041B120E100011BBB3 /* safari.png */ = {isa = PBXFileReference; lastKnownFileType = image.png; name = safari.png; path = PecuniaPluginTester/Resources/safari.png; sourceTree = "<group>"; };
		27CE87A81B233669007B90F3 /* BankQueryResult.swift */ = {isa = PBXFileReference; fileEncoding = 4; lastKnownFileType = sourcecode.swift; name = BankQueryResult.swift; path = PecuniaPluginTester/BankQueryResult.swift; sourceTree = "<group>"; };
		27CE87AA1B23373C007B90F3 /* BankStatement.swift */ = {isa = PBXFileReference; fileEncoding = 4; lastKnownFileType = sourcecode.swift; name = BankStatement.swift; path = PecuniaPluginTester/BankStatement.swift; sourceTree = "<group>"; };
		27CE87AC1B23385F007B90F3 /* BankAccount.swift */ = {isa = PBXFileReference; fileEncoding = 4; lastKnownFileType = sourcecode.swift; name = BankAccount.swift; path = PecuniaPluginTester/BankAccount.swift; sourceTree = "<group>"; };
		27CE87AE1B23395F007B90F3 /* StandingOrder.swift */ = {isa = PBXFileReference; fileEncoding = 4; lastKnownFileType = sourcecode.swift; name = StandingOrder.swift; path = PecuniaPluginTester/StandingOrder.swift; sourceTree = "<group>"; };
		27CE87B01B2339EC007B90F3 /* BlocksHelper.swift */ = {isa = PBXFileReference; fileEncoding = 4; lastKnownFileType = sourcecode.swift; name = BlocksHelper.swift; path = ../../Source/BlocksHelper.swift; sourceTree = "<group>"; };
		27E5E7571B88950E00E5D835 /* NSDecimalNumber.swift */ = {isa = PBXFileReference; fileEncoding = 4; lastKnownFileType = sourcecode.swift; name = NSDecimalNumber.swift; path = ../../Source/NSDecimalNumber.swift; sourceTree = "<group>"; };
/* End PBXFileReference section */

/* Begin PBXFrameworksBuildPhase section */
		270ED4E21AF4DD0400978925 /* Frameworks */ = {
			isa = PBXFrameworksBuildPhase;
			buildActionMask = 2147483647;
			files = (
				27B3D3001B108DB50011BBB3 /* WebKit.framework in Frameworks */,
			);
			runOnlyForDeploymentPostprocessing = 0;
		};
/* End PBXFrameworksBuildPhase section */

/* Begin PBXGroup section */
		270ED4DC1AF4DD0400978925 = {
			isa = PBXGroup;
			children = (
				27B3D2FF1B108DB50011BBB3 /* WebKit.framework */,
				276ABD861AF65A610041DC23 /* Classes */,
				270ED4E71AF4DD0400978925 /* PecuniaPluginTester */,
				270ED4E61AF4DD0400978925 /* Products */,
				27B3D3031B120DDC0011BBB3 /* Resources */,
			);
			sourceTree = "<group>";
		};
		270ED4E61AF4DD0400978925 /* Products */ = {
			isa = PBXGroup;
			children = (
				270ED4E51AF4DD0400978925 /* PecuniaPluginTester.app */,
			);
			name = Products;
			sourceTree = "<group>";
		};
		270ED4E71AF4DD0400978925 /* PecuniaPluginTester */ = {
			isa = PBXGroup;
			children = (
				270ED4E81AF4DD0400978925 /* Supporting Files */,
				270ED4EA1AF4DD0400978925 /* AppDelegate.swift */,
				27812CCE1AF5044100458619 /* debug-helper.js */,
				270ED4EE1AF4DD0400978925 /* MainMenu.xib */,
				276ABD8C1AF65D700041DC23 /* PecuniaPlugingTester-Bridging-Header.h */,
			);
			path = PecuniaPluginTester;
			sourceTree = "<group>";
		};
		270ED4E81AF4DD0400978925 /* Supporting Files */ = {
			isa = PBXGroup;
			children = (
				270ED4E91AF4DD0400978925 /* Info.plist */,
			);
			name = "Supporting Files";
			sourceTree = "<group>";
		};
		276ABD861AF65A610041DC23 /* Classes */ = {
			isa = PBXGroup;
			children = (
				27CE87AC1B23385F007B90F3 /* BankAccount.swift */,
				27CE87A81B233669007B90F3 /* BankQueryResult.swift */,
				27CE87AA1B23373C007B90F3 /* BankStatement.swift */,
				27CE87B01B2339EC007B90F3 /* BlocksHelper.swift */,
				27E5E7571B88950E00E5D835 /* NSDecimalNumber.swift */,
				276ABD871AF65A8F0041DC23 /* NSDictionary+PecuniaAdditions.h */,
				276ABD881AF65A8F0041DC23 /* NSDictionary+PecuniaAdditions.m */,
				278FFD8C1AFE43E60044BD5F /* PluginWorker.swift */,
				27CE87AE1B23395F007B90F3 /* StandingOrder.swift */,
				27B3D2FD1B10808D0011BBB3 /* WebKitExports.swift */,
			);
			name = Classes;
			sourceTree = "<group>";
		};
		27B3D3031B120DDC0011BBB3 /* Resources */ = {
			isa = PBXGroup;
			children = (
				271F95421B8880F500C2D242 /* de.lproj */,
				27B3D3041B120E100011BBB3 /* safari.png */,
				277C0FE81B36C64500B9C738 /* Pecunia.icns */,
			);
			name = Resources;
			sourceTree = "<group>";
		};
/* End PBXGroup section */

/* Begin PBXNativeTarget section */
		270ED4E41AF4DD0400978925 /* PecuniaPluginTester */ = {
			isa = PBXNativeTarget;
			buildConfigurationList = 270ED4FF1AF4DD0400978925 /* Build configuration list for PBXNativeTarget "PecuniaPluginTester" */;
			buildPhases = (
				270ED4E11AF4DD0400978925 /* Sources */,
				270ED4E21AF4DD0400978925 /* Frameworks */,
				270ED4E31AF4DD0400978925 /* Resources */,
			);
			buildRules = (
			);
			dependencies = (
			);
			name = PecuniaPluginTester;
			productName = PecuniaPluginTester;
			productReference = 270ED4E51AF4DD0400978925 /* PecuniaPluginTester.app */;
			productType = "com.apple.product-type.application";
		};
/* End PBXNativeTarget section */

/* Begin PBXProject section */
		270ED4DD1AF4DD0400978925 /* Project object */ = {
			isa = PBXProject;
			attributes = {
				LastUpgradeCheck = 0630;
				ORGANIZATIONNAME = "Pecunia Team";
				TargetAttributes = {
					270ED4E41AF4DD0400978925 = {
						CreatedOnToolsVersion = 6.3.1;
					};
				};
			};
			buildConfigurationList = 270ED4E01AF4DD0400978925 /* Build configuration list for PBXProject "PecuniaPluginTester" */;
			compatibilityVersion = "Xcode 3.2";
			developmentRegion = English;
			hasScannedForEncodings = 0;
			knownRegions = (
				en,
				Base,
			);
			mainGroup = 270ED4DC1AF4DD0400978925;
			productRefGroup = 270ED4E61AF4DD0400978925 /* Products */;
			projectDirPath = "";
			projectRoot = "";
			targets = (
				270ED4E41AF4DD0400978925 /* PecuniaPluginTester */,
			);
		};
/* End PBXProject section */

/* Begin PBXResourcesBuildPhase section */
		270ED4E31AF4DD0400978925 /* Resources */ = {
			isa = PBXResourcesBuildPhase;
			buildActionMask = 2147483647;
			files = (
				27812CCF1AF5044100458619 /* debug-helper.js in Resources */,
				270ED4F01AF4DD0400978925 /* MainMenu.xib in Resources */,
				277C0FE91B36C64500B9C738 /* Pecunia.icns in Resources */,
				271F95431B8880F500C2D242 /* de.lproj in Resources */,
				27B3D3051B120E100011BBB3 /* safari.png in Resources */,
			);
			runOnlyForDeploymentPostprocessing = 0;
		};
/* End PBXResourcesBuildPhase section */

/* Begin PBXSourcesBuildPhase section */
		270ED4E11AF4DD0400978925 /* Sources */ = {
			isa = PBXSourcesBuildPhase;
			buildActionMask = 2147483647;
			files = (
				27CE87A91B233669007B90F3 /* BankQueryResult.swift in Sources */,
				27CE87B11B2339EC007B90F3 /* BlocksHelper.swift in Sources */,
				27CE87AB1B23373C007B90F3 /* BankStatement.swift in Sources */,
				27CE87AF1B23395F007B90F3 /* StandingOrder.swift in Sources */,
				276ABD891AF65A8F0041DC23 /* NSDictionary+PecuniaAdditions.m in Sources */,
				27E5E7581B88950E00E5D835 /* NSDecimalNumber.swift in Sources */,
				27B3D2FE1B10808D0011BBB3 /* WebKitExports.swift in Sources */,
				278FFD8D1AFE43E60044BD5F /* PluginWorker.swift in Sources */,
				27CE87AD1B23385F007B90F3 /* BankAccount.swift in Sources */,
				270ED4EB1AF4DD0400978925 /* AppDelegate.swift in Sources */,
			);
			runOnlyForDeploymentPostprocessing = 0;
		};
/* End PBXSourcesBuildPhase section */

/* Begin PBXVariantGroup section */
		270ED4EE1AF4DD0400978925 /* MainMenu.xib */ = {
			isa = PBXVariantGroup;
			children = (
				270ED4EF1AF4DD0400978925 /* Base */,
			);
			name = MainMenu.xib;
			sourceTree = "<group>";
		};
/* End PBXVariantGroup section */

/* Begin XCBuildConfiguration section */
		270ED4FD1AF4DD0400978925 /* Debug */ = {
			isa = XCBuildConfiguration;
			buildSettings = {
				ALWAYS_SEARCH_USER_PATHS = NO;
				CLANG_CXX_LANGUAGE_STANDARD = "gnu++0x";
				CLANG_CXX_LIBRARY = "libc++";
				CLANG_ENABLE_MODULES = YES;
				CLANG_ENABLE_OBJC_ARC = YES;
				CLANG_WARN_BOOL_CONVERSION = YES;
				CLANG_WARN_CONSTANT_CONVERSION = YES;
				CLANG_WARN_DIRECT_OBJC_ISA_USAGE = YES_ERROR;
				CLANG_WARN_EMPTY_BODY = YES;
				CLANG_WARN_ENUM_CONVERSION = YES;
				CLANG_WARN_INT_CONVERSION = YES;
				CLANG_WARN_OBJC_ROOT_CLASS = YES_ERROR;
				CLANG_WARN_UNREACHABLE_CODE = YES;
				CLANG_WARN__DUPLICATE_METHOD_MATCH = YES;
				CODE_SIGN_IDENTITY = "-";
				COPY_PHASE_STRIP = NO;
				DEBUG_INFORMATION_FORMAT = dwarf;
				ENABLE_STRICT_OBJC_MSGSEND = YES;
				GCC_C_LANGUAGE_STANDARD = gnu99;
				GCC_DYNAMIC_NO_PIC = NO;
				GCC_NO_COMMON_BLOCKS = YES;
				GCC_OPTIMIZATION_LEVEL = 0;
				GCC_PREPROCESSOR_DEFINITIONS = (
					"DEBUG=1",
					"$(inherited)",
				);
				GCC_SYMBOLS_PRIVATE_EXTERN = NO;
				GCC_WARN_64_TO_32_BIT_CONVERSION = YES;
				GCC_WARN_ABOUT_RETURN_TYPE = YES_ERROR;
				GCC_WARN_UNDECLARED_SELECTOR = YES;
				GCC_WARN_UNINITIALIZED_AUTOS = YES_AGGRESSIVE;
				GCC_WARN_UNUSED_FUNCTION = YES;
				GCC_WARN_UNUSED_VARIABLE = YES;
				MACOSX_DEPLOYMENT_TARGET = 10.9;
				MTL_ENABLE_DEBUG_INFO = YES;
				ONLY_ACTIVE_ARCH = YES;
				SDKROOT = macosx;
				SWIFT_OBJC_BRIDGING_HEADER = "PecuniaPlugingTester-Bridging-Header.h";
				SWIFT_OPTIMIZATION_LEVEL = "-Onone";
			};
			name = Debug;
		};
		270ED4FE1AF4DD0400978925 /* Release */ = {
			isa = XCBuildConfiguration;
			buildSettings = {
				ALWAYS_SEARCH_USER_PATHS = NO;
				CLANG_CXX_LANGUAGE_STANDARD = "gnu++0x";
				CLANG_CXX_LIBRARY = "libc++";
				CLANG_ENABLE_MODULES = YES;
				CLANG_ENABLE_OBJC_ARC = YES;
				CLANG_WARN_BOOL_CONVERSION = YES;
				CLANG_WARN_CONSTANT_CONVERSION = YES;
				CLANG_WARN_DIRECT_OBJC_ISA_USAGE = YES_ERROR;
				CLANG_WARN_EMPTY_BODY = YES;
				CLANG_WARN_ENUM_CONVERSION = YES;
				CLANG_WARN_INT_CONVERSION = YES;
				CLANG_WARN_OBJC_ROOT_CLASS = YES_ERROR;
				CLANG_WARN_UNREACHABLE_CODE = YES;
				CLANG_WARN__DUPLICATE_METHOD_MATCH = YES;
				CODE_SIGN_IDENTITY = "-";
				COPY_PHASE_STRIP = NO;
				DEBUG_INFORMATION_FORMAT = "dwarf-with-dsym";
				ENABLE_NS_ASSERTIONS = NO;
				ENABLE_STRICT_OBJC_MSGSEND = YES;
				GCC_C_LANGUAGE_STANDARD = gnu99;
				GCC_NO_COMMON_BLOCKS = YES;
				GCC_WARN_64_TO_32_BIT_CONVERSION = YES;
				GCC_WARN_ABOUT_RETURN_TYPE = YES_ERROR;
				GCC_WARN_UNDECLARED_SELECTOR = YES;
				GCC_WARN_UNINITIALIZED_AUTOS = YES_AGGRESSIVE;
				GCC_WARN_UNUSED_FUNCTION = YES;
				GCC_WARN_UNUSED_VARIABLE = YES;
				MACOSX_DEPLOYMENT_TARGET = 10.9;
				MTL_ENABLE_DEBUG_INFO = NO;
				SDKROOT = macosx;
				SWIFT_OBJC_BRIDGING_HEADER = "PecuniaPlugingTester-Bridging-Header.h";
			};
			name = Release;
		};
		270ED5001AF4DD0400978925 /* Debug */ = {
			isa = XCBuildConfiguration;
			buildSettings = {
				COMBINE_HIDPI_IMAGES = YES;
				EMBEDDED_CONTENT_CONTAINS_SWIFT = YES;
				INFOPLIST_FILE = PecuniaPluginTester/Info.plist;
				LD_RUNPATH_SEARCH_PATHS = "$(inherited) @executable_path/../Frameworks";
				PRODUCT_NAME = "$(TARGET_NAME)";
			};
			name = Debug;
		};
		270ED5011AF4DD0400978925 /* Release */ = {
			isa = XCBuildConfiguration;
			buildSettings = {
				COMBINE_HIDPI_IMAGES = YES;
				EMBEDDED_CONTENT_CONTAINS_SWIFT = YES;
				INFOPLIST_FILE = PecuniaPluginTester/Info.plist;
				LD_RUNPATH_SEARCH_PATHS = "$(inherited) @executable_path/../Frameworks";
				PRODUCT_NAME = "$(TARGET_NAME)";
			};
			name = Release;
		};
/* End XCBuildConfiguration section */

/* Begin XCConfigurationList section */
		270ED4E01AF4DD0400978925 /* Build configuration list for PBXProject "PecuniaPluginTester" */ = {
			isa = XCConfigurationList;
			buildConfigurations = (
				270ED4FD1AF4DD0400978925 /* Debug */,
				270ED4FE1AF4DD0400978925 /* Release */,
			);
			defaultConfigurationIsVisible = 0;
			defaultConfigurationName = Release;
		};
		270ED4FF1AF4DD0400978925 /* Build configuration list for PBXNativeTarget "PecuniaPluginTester" */ = {
			isa = XCConfigurationList;
			buildConfigurations = (
				270ED5001AF4DD0400978925 /* Debug */,
				270ED5011AF4DD0400978925 /* Release */,
			);
			defaultConfigurationIsVisible = 0;
			defaultConfigurationName = Release;
		};
/* End XCConfigurationList section */
	};
	rootObject = 270ED4DD1AF4DD0400978925 /* Project object */;
}
